{
	"archiveVersion": "1",
	"classes": {},
	"objectVersion": "54",
	"objects": {
		"191CD6FA2847E21E0085CBB6": {
			"fileEncoding": "4",
			"isa": "PBXFileReference",
			"lastKnownFileType": "text.plist.entitlements",
			"path": "of.entitlements",
			"sourceTree": "<group>"
		},
		"191EF70929D778A400F35F26": {
			"isa": "PBXFileReference",
			"lastKnownFileType": "folder",
			"name": "openFrameworks",
			"path": "../../../libs/openFrameworks",
			"sourceTree": "SOURCE_ROOT"
		},
		"19B789C429E5AB4A0082E9B8": {
			"buildActionMask": "2147483647",
			"files": [],
			"inputFileListPaths": [],
			"inputPaths": [],
			"isa": "PBXShellScriptBuildPhase",
			"outputFileListPaths": [],
			"outputPaths": [],
			"runOnlyForDeploymentPostprocessing": "0",
			"shellPath": "/bin/sh",
			"shellScript": "\"$OF_PATH/scripts/osx/xcode_project.sh\"\n"
		},
		"BB4B014C10F69532006C3DED": {
			"children": [
				"{415933E6-5C87-4E21-9D5C-A0802279D3DD}",
				"{A6264861-C70A-444B-8E13-7E0A86331B97}",
				"{47FA08C4-F5FC-4E9B-97DB-9314BB189A35}",
				"{79A14A30-5B57-4591-9484-21154FDE17E8}"
			],
			"isa": "PBXGroup",
			"name": "addons",
			"path": "../../../addons",
			"sourceTree": "<group>"
		},
		"E42962A92163ECCD00A6A9E2": {
			"alwaysOutOfDate": "1",
			"buildActionMask": "2147483647",
			"files": [],
			"inputPaths": [],
			"isa": "PBXShellScriptBuildPhase",
			"name": "Run Script — Compile OF",
			"outputPaths": [],
			"runOnlyForDeploymentPostprocessing": "0",
			"shellPath": "/bin/sh",
			"shellScript": "echo \"💾 Compiling Openframeworks\"\nxcodebuild -project \"$OF_PATH/libs/openFrameworksCompiled/project/osx/openFrameworksLib.xcodeproj\" -target openFrameworks -configuration \"${CONFIGURATION}\"  CLANG_CXX_LANGUAGE_STANDARD=$CLANG_CXX_LANGUAGE_STANDARD MACOSX_DEPLOYMENT_TARGET=$MACOSX_DEPLOYMENT_TARGET GCC_PREPROCESSOR_DEFINITIONS=$USER_PREPROCESSOR_DEFINITIONS\n",
			"showEnvVarsInLog": "0"
		},
		"E4A5B60F29BAAAE400C2D356": {
			"buildActionMask": "2147483647",
			"dstPath": "",
			"dstSubfolderSpec": "6",
			"files": [],
			"isa": "PBXCopyFilesBuildPhase",
			"runOnlyForDeploymentPostprocessing": "0"
		},
		"E4B69B4A0A3A1720003C02F2": {
			"children": [
				"191CD6FA2847E21E0085CBB6",
				"E4B6FCAD0C3E899E008CF71C",
				"E4EB6923138AFD0F00A09F29",
				"E4B69E1C0A3A1BDC003C02F2",
				"191EF70929D778A400F35F26",
				"BB4B014C10F69532006C3DED",
				"E4B69B5B0A3A1756003C02F2"
			],
			"isa": "PBXGroup",
			"sourceTree": "<group>"
		},
		"E4B69B4C0A3A1720003C02F2": {
			"attributes": {
				"LastUpgradeCheck": "0600"
			},
			"buildConfigurationList": "E4B69B4D0A3A1720003C02F2",
			"compatibilityVersion": "Xcode 3.2",
			"developmentRegion": "en",
			"hasScannedForEncodings": "0",
			"isa": "PBXProject",
			"knownRegions": [
				"en",
				"Base"
			],
			"mainGroup": "E4B69B4A0A3A1720003C02F2",
			"productRefGroup": "E4B69B4A0A3A1720003C02F2",
			"projectDirPath": "",
			"projectRoot": "",
			"targets": [
				"E4B69B5A0A3A1756003C02F2"
			]
		},
		"E4B69B4D0A3A1720003C02F2": {
			"buildConfigurations": [
				"E4B69B4E0A3A1720003C02F2",
				"E4B69B4F0A3A1720003C02F2"
			],
			"defaultConfigurationIsVisible": "0",
			"defaultConfigurationName": "Release",
			"isa": "XCConfigurationList"
		},
		"E4B69B4E0A3A1720003C02F2": {
			"baseConfigurationReference": "E4EB6923138AFD0F00A09F29",
			"buildSettings": {
				"CODE_SIGN_ENTITLEMENTS": "of.entitlements",
				"COPY_PHASE_STRIP": "NO",
				"ENABLE_TESTABILITY": "YES",
				"GCC_OPTIMIZATION_LEVEL": "0",
				"GCC_WARN_UNUSED_VARIABLE": "NO",
				"HEADER_SEARCH_PATHS": [
					"$(OF_CORE_HEADERS)",
					"src"
				],
				"OTHER_CPLUSPLUSFLAGS": "-D__MACOSX_CORE__"
			},
			"isa": "XCBuildConfiguration",
			"name": "Debug"
		},
		"E4B69B4F0A3A1720003C02F2": {
			"baseConfigurationReference": "E4EB6923138AFD0F00A09F29",
			"buildSettings": {
				"CODE_SIGN_ENTITLEMENTS": "of.entitlements",
				"COPY_PHASE_STRIP": "YES",
				"GCC_OPTIMIZATION_LEVEL": "3",
				"GCC_UNROLL_LOOPS": "YES",
				"HEADER_SEARCH_PATHS": [
					"$(OF_CORE_HEADERS)",
					"src"
				],
				"OTHER_CPLUSPLUSFLAGS": "-D__MACOSX_CORE__"
			},
			"isa": "XCBuildConfiguration",
			"name": "Release"
		},
		"E4B69B580A3A1756003C02F2": {
			"buildActionMask": "2147483647",
			"files": [
				"E4B69E200A3A1BDC003C02F2",
				"E4B69E210A3A1BDC003C02F2",
				"{D32B2670-76FB-4C57-9F68-887285E76C66}",
				"{F07AD44E-8141-42E2-8E86-39E3A00EFFCC}",
				"{8C0A80D4-FC80-414E-802C-3DAFDAE66CA7}",
				"{786CFB9F-F973-41D7-A1E3-34B9C87BF2E3}",
				"{58DE56BE-BFD5-4C16-A467-6D36912B54E1}",
				"{22751656-0899-468B-975B-5CEA765296BF}",
				"{D79BAA92-96E4-4BCD-BA91-EA3EFFD31892}",
				"{E1E49497-EF72-4D16-AD15-40A94FDAD6E1}",
				"{7BC79DC6-6901-4B64-BCAE-55BB7871FCB4}",
				"{B2BD7D96-5414-4C1D-BBDE-BB9BA75338D3}",
				"{A42F6E42-4DC1-4195-A358-DD7D8D6874A0}",
				"{3E926F03-9E76-4300-9D01-1C8872848F47}",
				"{8A94AF20-44C6-493B-A5A2-4D77E18D3D03}",
				"{8900475A-8D5B-4292-AAAD-87490CE6D73B}",
				"{3F67C5FE-9A05-4809-BBD2-5F576469EE5B}",
				"{CCD365A1-121A-45FD-9B14-6A5AE7FF47E3}",
				"{A0EB5D69-2CA8-41C1-BC24-A80A3EA22DBD}"
			],
			"isa": "PBXSourcesBuildPhase",
			"runOnlyForDeploymentPostprocessing": "0"
		},
		"E4B69B590A3A1756003C02F2": {
			"buildActionMask": "2147483647",
			"files": [
				"{A58D6392-FCD3-438A-AB00-939A1E0B1F4E}"
			],
			"isa": "PBXFrameworksBuildPhase",
			"runOnlyForDeploymentPostprocessing": "0"
		},
		"E4B69B5A0A3A1756003C02F2": {
			"buildConfigurationList": "E4B69B5F0A3A1757003C02F2",
			"buildPhases": [
				"E42962A92163ECCD00A6A9E2",
				"E4B69B580A3A1756003C02F2",
				"E4B69B590A3A1756003C02F2",
				"E4C2427710CC5ABF004149E2",
				"E4A5B60F29BAAAE400C2D356",
				"19B789C429E5AB4A0082E9B8"
			],
			"buildRules": [],
			"dependencies": [],
			"isa": "PBXNativeTarget",
			"name": "ofxMidiClockAbletonLink",
			"productName": "myOFApp",
			"productReference": "E4B69B5B0A3A1756003C02F2",
			"productType": "com.apple.product-type.application"
		},
		"E4B69B5B0A3A1756003C02F2": {
			"explicitFileType": "wrapper.application",
			"includeInIndex": "0",
			"isa": "PBXFileReference",
			"path": "ofxMidiClockAbletonLinkDebug.app",
			"sourceTree": "BUILT_PRODUCTS_DIR"
		},
		"E4B69B5F0A3A1757003C02F2": {
			"buildConfigurations": [
				"E4B69B600A3A1757003C02F2",
				"E4B69B610A3A1757003C02F2"
			],
			"defaultConfigurationIsVisible": "0",
			"defaultConfigurationName": "Release",
			"isa": "XCConfigurationList"
		},
		"E4B69B600A3A1757003C02F2": {
			"baseConfigurationReference": "E4EB6923138AFD0F00A09F29",
			"buildSettings": {
				"ARCHS": "$(ARCHS_STANDARD)",
				"COPY_PHASE_STRIP": "NO",
				"FRAMEWORK_SEARCH_PATHS": [
					"$(inherited)",
					"/System/Library/Frameworks"
				],
				"GCC_DYNAMIC_NO_PIC": "NO",
				"HEADER_SEARCH_PATHS": [
					"$(OF_CORE_HEADERS)",
					"src",
					"src",
					"../../../addons/ofxAbletonLink/src",
					"../../../addons/ofxAbletonLink/libs/link/include",
					"../../../addons/ofxAbletonLink/libs/link/include/ableton",
					"../../../addons/ofxAbletonLink/libs/link/modules/asio-standalone/asio/include",
					"../../../addons/ofxDatGui/src",
					"../../../addons/ofxDatGui/src/components",
					"../../../addons/ofxDatGui/src/core",
					"../../../addons/ofxDatGui/src/libs",
					"../../../addons/ofxDatGui/src/libs/ofxSmartFont",
					"../../../addons/ofxDatGui/src/themes",
					"../../../addons/ofxMidi/libs",
					"../../../addons/ofxMidi/libs/pgmidi",
					"../../../addons/ofxMidi/libs/rtmidi",
					"../../../addons/ofxMidi/src",
					"../../../addons/ofxMidi/src/desktop",
					"../../../addons/ofxMidi/src/ios",
					"../../../addons/ofxXmlSettings/libs",
					"../../../addons/ofxXmlSettings/src"
				],
				"LIBRARY_SEARCH_PATHS": "$(inherited)",
				"OTHER_LDFLAGS": [
					"$(OF_CORE_LIBS)",
					"$(OF_CORE_FRAMEWORKS)",
					"$(LIB_OF_DEBUG)"
				]
			},
			"isa": "XCBuildConfiguration",
			"name": "Debug"
		},
		"E4B69B610A3A1757003C02F2": {
			"baseConfigurationReference": "E4EB6923138AFD0F00A09F29",
			"buildSettings": {
				"ARCHS": "$(ARCHS_STANDARD)",
				"COPY_PHASE_STRIP": "YES",
				"FRAMEWORK_SEARCH_PATHS": [
					"$(inherited)",
					"/System/Library/Frameworks"
				],
				"HEADER_SEARCH_PATHS": [
					"$(OF_CORE_HEADERS)",
					"src",
					"src",
					"../../../addons/ofxAbletonLink/src",
					"../../../addons/ofxAbletonLink/libs/link/include",
					"../../../addons/ofxAbletonLink/libs/link/include/ableton",
					"../../../addons/ofxAbletonLink/libs/link/modules/asio-standalone/asio/include",
					"../../../addons/ofxDatGui/src",
					"../../../addons/ofxDatGui/src/components",
					"../../../addons/ofxDatGui/src/core",
					"../../../addons/ofxDatGui/src/libs",
					"../../../addons/ofxDatGui/src/libs/ofxSmartFont",
					"../../../addons/ofxDatGui/src/themes",
					"../../../addons/ofxMidi/libs",
					"../../../addons/ofxMidi/libs/pgmidi",
					"../../../addons/ofxMidi/libs/rtmidi",
					"../../../addons/ofxMidi/src",
					"../../../addons/ofxMidi/src/desktop",
					"../../../addons/ofxMidi/src/ios",
					"../../../addons/ofxXmlSettings/libs",
					"../../../addons/ofxXmlSettings/src"
				],
				"LIBRARY_SEARCH_PATHS": "$(inherited)",
				"OTHER_LDFLAGS": [
					"$(OF_CORE_LIBS)",
					"$(OF_CORE_FRAMEWORKS)",
					"$(LIB_OF)"
				],
				"baseConfigurationReference": "E4EB6923138AFD0F00A09F29"
			},
			"isa": "XCBuildConfiguration",
			"name": "Release"
		},
		"E4B69E1C0A3A1BDC003C02F2": {
			"children": [
				"E4B69E1D0A3A1BDC003C02F2",
				"E4B69E1E0A3A1BDC003C02F2",
				"E4B69E1F0A3A1BDC003C02F2"
			],
			"isa": "PBXGroup",
			"path": "src",
			"sourceTree": "SOURCE_ROOT"
		},
		"E4B69E1D0A3A1BDC003C02F2": {
			"fileEncoding": "4",
			"isa": "PBXFileReference",
			"lastKnownFileType": "sourcecode.cpp.cpp",
			"name": "main.cpp",
			"path": "src/main.cpp",
			"sourceTree": "SOURCE_ROOT"
		},
		"E4B69E1E0A3A1BDC003C02F2": {
			"explicitFileType": "sourcecode.cpp.cpp",
			"fileEncoding": "4",
			"isa": "PBXFileReference",
			"name": "ofApp.cpp",
			"path": "src/ofApp.cpp",
			"sourceTree": "SOURCE_ROOT"
		},
		"E4B69E1F0A3A1BDC003C02F2": {
			"fileEncoding": "4",
			"isa": "PBXFileReference",
			"lastKnownFileType": "sourcecode.c.h",
			"name": "ofApp.h",
			"path": "src/ofApp.h",
			"sourceTree": "SOURCE_ROOT"
		},
		"E4B69E200A3A1BDC003C02F2": {
			"fileRef": "E4B69E1D0A3A1BDC003C02F2",
			"isa": "PBXBuildFile"
		},
		"E4B69E210A3A1BDC003C02F2": {
			"fileRef": "E4B69E1E0A3A1BDC003C02F2",
			"isa": "PBXBuildFile"
		},
		"E4B6FCAD0C3E899E008CF71C": {
			"fileEncoding": "4",
			"isa": "PBXFileReference",
			"lastKnownFileType": "text.plist.xml",
			"path": "openFrameworks-Info.plist",
			"sourceTree": "<group>"
		},
		"E4C2427710CC5ABF004149E2": {
			"buildActionMask": "2147483647",
			"dstPath": "",
			"dstSubfolderSpec": "10",
			"files": [],
			"isa": "PBXCopyFilesBuildPhase",
			"runOnlyForDeploymentPostprocessing": "0"
		},
		"E4EB6923138AFD0F00A09F29": {
			"fileEncoding": "4",
			"isa": "PBXFileReference",
			"lastKnownFileType": "text.xcconfig",
			"path": "Project.xcconfig",
			"sourceTree": "<group>"
		},
		"{0C5C2C9B-F372-4E83-BF92-8C357F039E3F}": {
			"children": [
				"{EAE9CE0E-553C-43D7-93C0-0DA4C5168329}",
				"{4A201308-9A6F-4D5F-8D24-A76064B9B2A8}",
				"{18A42D33-ACE8-43AE-B802-29DA60F17BBD}",
				"{A0DA8BC5-7ADE-405A-8891-0DCA91B77D3F}",
				"{C9BDD799-F1F8-4402-AAD8-578CB252FE08}",
				"{DA678289-1753-4BCE-8009-28A50659DFB2}"
			],
			"isa": "PBXGroup",
			"name": "src",
			"path": "../../../addons/ofxDatGui/src",
			"sourceTree": "SOURCE_ROOT"
		},
		"{118D8F14-B8C4-4799-B188-9FBC386CA0AC}": {
			"explicitFileType": "sourcecode.c.h",
			"fileEncoding": "4",
			"isa": "PBXFileReference",
			"name": "ofxAbletonLink.h",
			"path": "../../../addons/ofxAbletonLink/src/ofxAbletonLink.h",
			"sourceTree": "SOURCE_ROOT"
		},
		"{11DE88D8-10D2-4323-8C1A-1DC7694B839D}": {
			"explicitFileType": "sourcecode.cpp.cpp",
			"fileEncoding": "4",
			"isa": "PBXFileReference",
			"name": "ofxXmlSettings.cpp",
			"path": "../../../addons/ofxXmlSettings/src/ofxXmlSettings.cpp",
			"sourceTree": "SOURCE_ROOT"
		},
		"{18368BE2-F677-4EBF-A38B-78E3B2075682}": {
			"explicitFileType": "sourcecode.cpp.cpp",
			"fileEncoding": "4",
			"isa": "PBXFileReference",
			"name": "RtMidi.cpp",
			"path": "../../../addons/ofxMidi/libs/rtmidi/RtMidi.cpp",
			"sourceTree": "SOURCE_ROOT"
		},
		"{18A42D33-ACE8-43AE-B802-29DA60F17BBD}": {
			"children": [
				"{9B20A6BB-DE74-478E-BE2F-0B8256A2C551}"
			],
			"isa": "PBXGroup",
			"name": "libs",
			"path": "../../../addons/ofxDatGui/src/libs",
			"sourceTree": "SOURCE_ROOT"
		},
		"{1A8154C5-F8E9-4AD8-AC6F-CB518DD7D5E6}": {
			"children": [
				"{947CEED7-7CBD-4222-971A-92D81197B09D}",
				"{54084951-23A9-4A1B-9151-90821411FD8C}",
				"{9EC62765-B05F-4308-AB57-007A34E5C8AD}",
				"{C6A5A268-21EE-4EDF-B398-859495F3F37D}"
			],
			"isa": "PBXGroup",
			"name": "libs",
			"path": "../../../addons/ofxXmlSettings/libs",
			"sourceTree": "SOURCE_ROOT"
		},
		"{1EE1CAC9-EE8D-4A2B-BE84-C06ED6FBA49E}": {
			"explicitFileType": "sourcecode.c.h",
			"fileEncoding": "4",
			"isa": "PBXFileReference",
			"name": "ofxDatGuiTimeGraph.h",
			"path": "../../../addons/ofxDatGui/src/components/ofxDatGuiTimeGraph.h",
			"sourceTree": "SOURCE_ROOT"
		},
		"{210D70F8-FABE-47B1-ADBD-414B92AF3FEE}": {
			"explicitFileType": "sourcecode.c.h",
			"fileEncoding": "4",
			"isa": "PBXFileReference",
			"name": "ofxDatGuiSlider.h",
			"path": "../../../addons/ofxDatGui/src/components/ofxDatGuiSlider.h",
			"sourceTree": "SOURCE_ROOT"
		},
		"{22751656-0899-468B-975B-5CEA765296BF}": {
			"fileRef": "{758D1CFA-19EC-468F-B533-F929B50682AF}",
			"isa": "PBXBuildFile"
		},
		"{246E9B35-29C6-4D74-B128-54C489CAA93A}": {
			"explicitFileType": "sourcecode.c.h",
			"fileEncoding": "4",
			"isa": "PBXFileReference",
			"name": "ofxDatGuiFRM.h",
			"path": "../../../addons/ofxDatGui/src/components/ofxDatGuiFRM.h",
			"sourceTree": "SOURCE_ROOT"
		},
		"{25ACA023-88EF-4080-92AF-6C56297632F6}": {
			"explicitFileType": "sourcecode.cpp.cpp",
			"fileEncoding": "4",
			"isa": "PBXFileReference",
			"name": "ofxMidiOut.cpp",
			"path": "../../../addons/ofxMidi/src/ofxMidiOut.cpp",
			"sourceTree": "SOURCE_ROOT"
		},
		"{2ED6A16F-2FF6-4E9D-99C5-DF8E2C1FB667}": {
			"explicitFileType": "sourcecode.c.h",
			"fileEncoding": "4",
			"isa": "PBXFileReference",
			"name": "ofxDatGuiEvents.h",
			"path": "../../../addons/ofxDatGui/src/core/ofxDatGuiEvents.h",
			"sourceTree": "SOURCE_ROOT"
		},
		"{3E926F03-9E76-4300-9D01-1C8872848F47}": {
			"fileRef": "{25ACA023-88EF-4080-92AF-6C56297632F6}",
			"isa": "PBXBuildFile"
		},
		"{3F67C5FE-9A05-4809-BBD2-5F576469EE5B}": {
			"fileRef": "{9EC62765-B05F-4308-AB57-007A34E5C8AD}",
			"isa": "PBXBuildFile"
		},
		"{415933E6-5C87-4E21-9D5C-A0802279D3DD}": {
			"children": [
				"{A2DD7395-103F-4FAB-8669-6077517AF35A}"
			],
			"isa": "PBXGroup",
			"name": "ofxAbletonLink",
			"path": "../../../addons/ofxAbletonLink",
			"sourceTree": "SOURCE_ROOT"
		},
		"{47FA08C4-F5FC-4E9B-97DB-9314BB189A35}": {
			"children": [
				"{C8F74AC0-4681-49E2-9B2E-F7AF15CD2293}",
				"{CE808D0B-B27E-4E3C-969A-805064EA285D}",
				"{7BE34354-BF16-49B6-944E-4DC4F6DD2C62}"
			],
			"isa": "PBXGroup",
			"name": "ofxMidi",
			"path": "../../../addons/ofxMidi",
			"sourceTree": "SOURCE_ROOT"
		},
		"{49E9715B-D74F-4DCA-B4CD-E02BCFDB921E}": {
			"explicitFileType": "sourcecode.c.h",
			"fileEncoding": "4",
			"isa": "PBXFileReference",
			"name": "ofxMidiTypes.h",
			"path": "../../../addons/ofxMidi/src/ofxMidiTypes.h",
			"sourceTree": "SOURCE_ROOT"
		},
		"{4A201308-9A6F-4D5F-8D24-A76064B9B2A8}": {
			"children": [
				"{53C1F28C-67FC-45E9-9C9D-5C2965BD338E}",
				"{FD4FD326-B267-4861-9084-69DA8B032D21}",
				"{DFBCBA5C-EF62-4113-9C6E-4FE2101FD635}",
				"{2ED6A16F-2FF6-4E9D-99C5-DF8E2C1FB667}",
				"{E2D3D9F8-AA5F-461B-9214-3E4A8F3684FC}"
			],
			"isa": "PBXGroup",
			"name": "core",
			"path": "../../../addons/ofxDatGui/src/core",
			"sourceTree": "SOURCE_ROOT"
		},
		"{4DBD36B7-F302-4D8C-BDE1-86A4D9F34A2C}": {
			"explicitFileType": "sourcecode.c.h",
			"fileEncoding": "4",
			"isa": "PBXFileReference",
			"name": "ofxMidiTimecode.h",
			"path": "../../../addons/ofxMidi/src/ofxMidiTimecode.h",
			"sourceTree": "SOURCE_ROOT"
		},
		"{4F2F1A1D-DB77-47D0-8114-DFFAF68BF3B8}": {
			"explicitFileType": "sourcecode.c.h",
			"fileEncoding": "4",
			"isa": "PBXFileReference",
			"name": "ofxDatGuiTheme.h",
			"path": "../../../addons/ofxDatGui/src/themes/ofxDatGuiTheme.h",
			"sourceTree": "SOURCE_ROOT"
		},
		"{5332894A-ABA6-449F-9A52-2BDF3238E4EB}": {
			"explicitFileType": "sourcecode.cpp.cpp",
			"fileEncoding": "4",
			"isa": "PBXFileReference",
			"name": "ofxMidiIn.cpp",
			"path": "../../../addons/ofxMidi/src/ofxMidiIn.cpp",
			"sourceTree": "SOURCE_ROOT"
		},
		"{53C1F28C-67FC-45E9-9C9D-5C2965BD338E}": {
			"explicitFileType": "sourcecode.cpp.cpp",
			"fileEncoding": "4",
			"isa": "PBXFileReference",
			"name": "ofxDatGuiComponent.cpp",
			"path": "../../../addons/ofxDatGui/src/core/ofxDatGuiComponent.cpp",
			"sourceTree": "SOURCE_ROOT"
		},
		"{54084951-23A9-4A1B-9151-90821411FD8C}": {
			"explicitFileType": "sourcecode.c.h",
			"fileEncoding": "4",
			"isa": "PBXFileReference",
			"name": "tinyxml.h",
			"path": "../../../addons/ofxXmlSettings/libs/tinyxml.h",
			"sourceTree": "SOURCE_ROOT"
		},
		"{5464CAEC-8CEE-4F40-A887-D0BA0046B1A2}": {
			"explicitFileType": "sourcecode.c.h",
			"fileEncoding": "4",
			"isa": "PBXFileReference",
			"name": "ofxDatGui2dPad.h",
			"path": "../../../addons/ofxDatGui/src/components/ofxDatGui2dPad.h",
			"sourceTree": "SOURCE_ROOT"
		},
		"{58DE56BE-BFD5-4C16-A467-6D36912B54E1}": {
			"fileRef": "{9FD9319A-6FC5-464C-B9D4-F3E813456739}",
			"isa": "PBXBuildFile"
		},
		"{5C44D538-9800-4263-B716-5C89CCCC4B68}": {
			"explicitFileType": "sourcecode.cpp.cpp",
			"fileEncoding": "4",
			"isa": "PBXFileReference",
			"name": "ofxMidiTimecode.cpp",
			"path": "../../../addons/ofxMidi/src/ofxMidiTimecode.cpp",
			"sourceTree": "SOURCE_ROOT"
		},
		"{62E8B7B1-60FC-4867-8202-E2F94F2B9AD3}": {
			"explicitFileType": "sourcecode.c.h",
			"fileEncoding": "4",
			"isa": "PBXFileReference",
			"name": "ofxDatGuiControls.h",
			"path": "../../../addons/ofxDatGui/src/components/ofxDatGuiControls.h",
			"sourceTree": "SOURCE_ROOT"
		},
		"{658776DF-FC80-4580-9F4F-D2287F45A81C}": {
			"explicitFileType": "sourcecode.c.h",
			"fileEncoding": "4",
			"isa": "PBXFileReference",
			"name": "ofxRtMidiOut.h",
			"path": "../../../addons/ofxMidi/src/desktop/ofxRtMidiOut.h",
			"sourceTree": "SOURCE_ROOT"
		},
		"{66FBF8A2-9808-4FC9-BAC6-F338C032ECAA}": {
			"explicitFileType": "sourcecode.c.h",
			"fileEncoding": "4",
			"isa": "PBXFileReference",
			"name": "RtMidi.h",
			"path": "../../../addons/ofxMidi/libs/rtmidi/RtMidi.h",
			"sourceTree": "SOURCE_ROOT"
		},
		"{693B0D51-AAAA-44BB-B7EF-9DD3FA68A3B5}": {
			"explicitFileType": "sourcecode.cpp.cpp",
			"fileEncoding": "4",
			"isa": "PBXFileReference",
			"name": "ofxMidiMessage.cpp",
			"path": "../../../addons/ofxMidi/src/ofxMidiMessage.cpp",
			"sourceTree": "SOURCE_ROOT"
		},
		"{7081D617-9BFB-4FC6-8457-14B7FBD4AC4A}": {
			"explicitFileType": "sourcecode.c.h",
			"fileEncoding": "4",
			"isa": "PBXFileReference",
			"name": "ofxMidiConstants.h",
			"path": "../../../addons/ofxMidi/src/ofxMidiConstants.h",
			"sourceTree": "SOURCE_ROOT"
		},
		"{7586FECD-53BF-49C1-B323-7920DAA1C488}": {
			"explicitFileType": "sourcecode.c.h",
			"fileEncoding": "4",
			"isa": "PBXFileReference",
			"name": "ofxDatGuiColorPicker.h",
			"path": "../../../addons/ofxDatGui/src/components/ofxDatGuiColorPicker.h",
			"sourceTree": "SOURCE_ROOT"
		},
		"{758D1CFA-19EC-468F-B533-F929B50682AF}": {
			"explicitFileType": "sourcecode.cpp.cpp",
			"fileEncoding": "4",
			"isa": "PBXFileReference",
			"name": "ofxRtMidiOut.cpp",
			"path": "../../../addons/ofxMidi/src/desktop/ofxRtMidiOut.cpp",
			"sourceTree": "SOURCE_ROOT"
		},
		"{761CEA29-8260-490B-8E8B-0B47518BD590}": {
			"explicitFileType": "sourcecode.cpp.cpp",
			"fileEncoding": "4",
			"isa": "PBXFileReference",
			"name": "ofxBaseMidi.cpp",
			"path": "../../../addons/ofxMidi/src/ofxBaseMidi.cpp",
			"sourceTree": "SOURCE_ROOT"
		},
		"{786CFB9F-F973-41D7-A1E3-34B9C87BF2E3}": {
			"fileRef": "{18368BE2-F677-4EBF-A38B-78E3B2075682}",
			"isa": "PBXBuildFile"
		},
		"{79A14A30-5B57-4591-9484-21154FDE17E8}": {
			"children": [
				"{1A8154C5-F8E9-4AD8-AC6F-CB518DD7D5E6}",
				"{F4926ECF-03A9-4CA3-A236-293DD30C8E85}"
			],
			"isa": "PBXGroup",
			"name": "ofxXmlSettings",
			"path": "../../../addons/ofxXmlSettings",
			"sourceTree": "SOURCE_ROOT"
		},
		"{79B9A934-E72B-4558-B10A-9AFCA4436CF1}": {
			"children": [
				"{9FD9319A-6FC5-464C-B9D4-F3E813456739}",
				"{E2E4B9E2-D069-4648-A782-1C3BBC7DE49F}",
				"{758D1CFA-19EC-468F-B533-F929B50682AF}",
				"{658776DF-FC80-4580-9F4F-D2287F45A81C}"
			],
			"isa": "PBXGroup",
			"name": "desktop",
			"path": "../../../addons/ofxMidi/src/desktop",
			"sourceTree": "SOURCE_ROOT"
		},
		"{7BC79DC6-6901-4B64-BCAE-55BB7871FCB4}": {
			"fileRef": "{F26419B9-9B14-46A0-8113-9CD160826929}",
			"isa": "PBXBuildFile"
		},
		"{7BE34354-BF16-49B6-944E-4DC4F6DD2C62}": {
			"children": [
				"{F1BDB68B-8AF3-4934-9689-32E3E40761EF}"
			],
			"isa": "PBXGroup",
			"name": "frameworks",
			"sourceTree": "SOURCE_ROOT"
		},
		"{7CDCA4AA-B6F9-41DD-AFB4-A13D7868447F}": {
			"explicitFileType": "sourcecode.c.h",
			"fileEncoding": "4",
			"isa": "PBXFileReference",
			"name": "ofxDatGuiMatrix.h",
			"path": "../../../addons/ofxDatGui/src/components/ofxDatGuiMatrix.h",
			"sourceTree": "SOURCE_ROOT"
		},
		"{8900475A-8D5B-4292-AAAD-87490CE6D73B}": {
			"fileRef": "{947CEED7-7CBD-4222-971A-92D81197B09D}",
			"isa": "PBXBuildFile"
		},
		"{8A94AF20-44C6-493B-A5A2-4D77E18D3D03}": {
			"fileRef": "{5C44D538-9800-4263-B716-5C89CCCC4B68}",
			"isa": "PBXBuildFile"
		},
		"{8C0A80D4-FC80-414E-802C-3DAFDAE66CA7}": {
			"fileRef": "{A0DA8BC5-7ADE-405A-8891-0DCA91B77D3F}",
			"isa": "PBXBuildFile"
		},
		"{947CEED7-7CBD-4222-971A-92D81197B09D}": {
			"explicitFileType": "sourcecode.cpp.cpp",
			"fileEncoding": "4",
			"isa": "PBXFileReference",
			"name": "tinyxml.cpp",
			"path": "../../../addons/ofxXmlSettings/libs/tinyxml.cpp",
			"sourceTree": "SOURCE_ROOT"
		},
		"{9820DE7F-88DD-4D82-9507-7FACB0D4620D}": {
			"explicitFileType": "sourcecode.c.h",
			"fileEncoding": "4",
			"isa": "PBXFileReference",
			"name": "ofxDatGuiThemes.h",
			"path": "../../../addons/ofxDatGui/src/themes/ofxDatGuiThemes.h",
			"sourceTree": "SOURCE_ROOT"
		},
		"{9B20A6BB-DE74-478E-BE2F-0B8256A2C551}": {
			"children": [
				"{C53DFE11-33F6-4BCC-856B-3BD59B26D3D6}",
				"{CE34841F-C7FE-43FC-BAC9-64361DBA3958}"
			],
			"isa": "PBXGroup",
			"name": "ofxSmartFont",
			"path": "../../../addons/ofxDatGui/src/libs/ofxSmartFont",
			"sourceTree": "SOURCE_ROOT"
		},
		"{9E0A129A-0BB9-4C42-840C-B618B5391C75}": {
			"explicitFileType": "sourcecode.c.h",
			"fileEncoding": "4",
			"isa": "PBXFileReference",
			"name": "ofxMidiMessage.h",
			"path": "../../../addons/ofxMidi/src/ofxMidiMessage.h",
			"sourceTree": "SOURCE_ROOT"
		},
		"{9EC62765-B05F-4308-AB57-007A34E5C8AD}": {
			"explicitFileType": "sourcecode.cpp.cpp",
			"fileEncoding": "4",
			"isa": "PBXFileReference",
			"name": "tinyxmlerror.cpp",
			"path": "../../../addons/ofxXmlSettings/libs/tinyxmlerror.cpp",
			"sourceTree": "SOURCE_ROOT"
		},
		"{9EF20D16-D47D-4EDB-9C93-45D8CD6D6747}": {
			"explicitFileType": "sourcecode.c.h",
			"fileEncoding": "4",
			"isa": "PBXFileReference",
			"name": "ofxMidiOut.h",
			"path": "../../../addons/ofxMidi/src/ofxMidiOut.h",
			"sourceTree": "SOURCE_ROOT"
		},
		"{9FD9319A-6FC5-464C-B9D4-F3E813456739}": {
			"explicitFileType": "sourcecode.cpp.cpp",
			"fileEncoding": "4",
			"isa": "PBXFileReference",
			"name": "ofxRtMidiIn.cpp",
			"path": "../../../addons/ofxMidi/src/desktop/ofxRtMidiIn.cpp",
			"sourceTree": "SOURCE_ROOT"
		},
		"{A0DA8BC5-7ADE-405A-8891-0DCA91B77D3F}": {
			"explicitFileType": "sourcecode.cpp.cpp",
			"fileEncoding": "4",
			"isa": "PBXFileReference",
			"name": "ofxDatGui.cpp",
			"path": "../../../addons/ofxDatGui/src/ofxDatGui.cpp",
			"sourceTree": "SOURCE_ROOT"
		},
		"{A0EB5D69-2CA8-41C1-BC24-A80A3EA22DBD}": {
			"fileRef": "{11DE88D8-10D2-4323-8C1A-1DC7694B839D}",
			"isa": "PBXBuildFile"
		},
		"{A2DD7395-103F-4FAB-8669-6077517AF35A}": {
			"children": [
				"{118D8F14-B8C4-4799-B188-9FBC386CA0AC}",
				"{EC4A8CA0-3ADA-44B2-B50E-09F25F41695F}"
			],
			"isa": "PBXGroup",
			"name": "src",
			"path": "../../../addons/ofxAbletonLink/src",
			"sourceTree": "SOURCE_ROOT"
		},
		"{A40DB911-42E2-4A9C-916D-5A2B2567DBAD}": {
			"explicitFileType": "sourcecode.c.h",
			"fileEncoding": "4",
			"isa": "PBXFileReference",
			"name": "ofxDatGuiLabel.h",
			"path": "../../../addons/ofxDatGui/src/components/ofxDatGuiLabel.h",
			"sourceTree": "SOURCE_ROOT"
		},
		"{A42F6E42-4DC1-4195-A358-DD7D8D6874A0}": {
			"fileRef": "{693B0D51-AAAA-44BB-B7EF-9DD3FA68A3B5}",
			"isa": "PBXBuildFile"
		},
		"{A48D5EAA-61D7-4A8C-8D04-519A1D810322}": {
			"explicitFileType": "sourcecode.c.h",
			"fileEncoding": "4",
			"isa": "PBXFileReference",
			"name": "ofxDatGuiTextInputField.h",
			"path": "../../../addons/ofxDatGui/src/components/ofxDatGuiTextInputField.h",
			"sourceTree": "SOURCE_ROOT"
		},
		"{A58D6392-FCD3-438A-AB00-939A1E0B1F4E}": {
			"fileRef": "{F1BDB68B-8AF3-4934-9689-32E3E40761EF}",
			"isa": "PBXBuildFile",
			"settings": {
				"ATTRIBUTES": [
					"CodeSignOnCopy"
				]
			}
		},
		"{A6264861-C70A-444B-8E13-7E0A86331B97}": {
			"children": [
				"{0C5C2C9B-F372-4E83-BF92-8C357F039E3F}"
			],
			"isa": "PBXGroup",
			"name": "ofxDatGui",
			"path": "../../../addons/ofxDatGui",
			"sourceTree": "SOURCE_ROOT"
		},
		"{A6595654-5C81-49C9-A670-E3242DD460CD}": {
			"explicitFileType": "sourcecode.c.h",
			"fileEncoding": "4",
			"isa": "PBXFileReference",
			"name": "ofxDatGuiGroups.h",
			"path": "../../../addons/ofxDatGui/src/components/ofxDatGuiGroups.h",
			"sourceTree": "SOURCE_ROOT"
		},
		"{B1B919A3-147E-46CA-A3DD-94D281D33F1F}": {
			"explicitFileType": "sourcecode.c.h",
			"fileEncoding": "4",
			"isa": "PBXFileReference",
			"name": "ofxMidiIn.h",
			"path": "../../../addons/ofxMidi/src/ofxMidiIn.h",
			"sourceTree": "SOURCE_ROOT"
		},
		"{B2BD7D96-5414-4C1D-BBDE-BB9BA75338D3}": {
			"fileRef": "{5332894A-ABA6-449F-9A52-2BDF3238E4EB}",
			"isa": "PBXBuildFile"
		},
		"{B4D7877E-EECE-404F-9FD5-544F8B850D77}": {
			"explicitFileType": "sourcecode.c.h",
			"fileEncoding": "4",
			"isa": "PBXFileReference",
			"name": "ofxDatGuiScrollView.h",
			"path": "../../../addons/ofxDatGui/src/components/ofxDatGuiScrollView.h",
			"sourceTree": "SOURCE_ROOT"
		},
		"{BB38F7BD-FA54-4033-97CC-BB2706A2DD9E}": {
			"explicitFileType": "sourcecode.c.h",
			"fileEncoding": "4",
			"isa": "PBXFileReference",
			"name": "ofxBaseMidi.h",
			"path": "../../../addons/ofxMidi/src/ofxBaseMidi.h",
			"sourceTree": "SOURCE_ROOT"
		},
		"{C53DFE11-33F6-4BCC-856B-3BD59B26D3D6}": {
			"explicitFileType": "sourcecode.cpp.cpp",
			"fileEncoding": "4",
			"isa": "PBXFileReference",
			"name": "ofxSmartFont.cpp",
			"path": "../../../addons/ofxDatGui/src/libs/ofxSmartFont/ofxSmartFont.cpp",
			"sourceTree": "SOURCE_ROOT"
		},
		"{C6A5A268-21EE-4EDF-B398-859495F3F37D}": {
			"explicitFileType": "sourcecode.cpp.cpp",
			"fileEncoding": "4",
			"isa": "PBXFileReference",
			"name": "tinyxmlparser.cpp",
			"path": "../../../addons/ofxXmlSettings/libs/tinyxmlparser.cpp",
			"sourceTree": "SOURCE_ROOT"
		},
		"{C8F74AC0-4681-49E2-9B2E-F7AF15CD2293}": {
			"children": [
				"{E6E90105-F50D-4F23-8E61-6A98F818176C}"
			],
			"isa": "PBXGroup",
			"name": "libs",
			"path": "../../../addons/ofxMidi/libs",
			"sourceTree": "SOURCE_ROOT"
		},
		"{C9BDD799-F1F8-4402-AAD8-578CB252FE08}": {
			"explicitFileType": "sourcecode.c.h",
			"fileEncoding": "4",
			"isa": "PBXFileReference",
			"name": "ofxDatGui.h",
			"path": "../../../addons/ofxDatGui/src/ofxDatGui.h",
			"sourceTree": "SOURCE_ROOT"
		},
		"{CBB7F3D4-1F8A-44D4-BABE-3EA5083FD2B4}": {
			"explicitFileType": "sourcecode.c.h",
			"fileEncoding": "4",
			"isa": "PBXFileReference",
			"name": "ofxMidiClock.h",
			"path": "../../../addons/ofxMidi/src/ofxMidiClock.h",
			"sourceTree": "SOURCE_ROOT"
		},
		"{CCD365A1-121A-45FD-9B14-6A5AE7FF47E3}": {
			"fileRef": "{C6A5A268-21EE-4EDF-B398-859495F3F37D}",
			"isa": "PBXBuildFile"
		},
		"{CDDD4DEB-DB87-4068-BB34-8219F80231DD}": {
			"explicitFileType": "sourcecode.cpp.cpp",
			"fileEncoding": "4",
			"isa": "PBXFileReference",
			"name": "ofxMidi.cpp",
			"path": "../../../addons/ofxMidi/src/ofxMidi.cpp",
			"sourceTree": "SOURCE_ROOT"
		},
		"{CE34841F-C7FE-43FC-BAC9-64361DBA3958}": {
			"explicitFileType": "sourcecode.c.h",
			"fileEncoding": "4",
			"isa": "PBXFileReference",
			"name": "ofxSmartFont.h",
			"path": "../../../addons/ofxDatGui/src/libs/ofxSmartFont/ofxSmartFont.h",
			"sourceTree": "SOURCE_ROOT"
		},
		"{CE808D0B-B27E-4E3C-969A-805064EA285D}": {
			"children": [
				"{79B9A934-E72B-4558-B10A-9AFCA4436CF1}",
				"{761CEA29-8260-490B-8E8B-0B47518BD590}",
				"{BB38F7BD-FA54-4033-97CC-BB2706A2DD9E}",
				"{CDDD4DEB-DB87-4068-BB34-8219F80231DD}",
				"{D2991029-627A-4F4C-8313-DE6132245858}",
				"{F26419B9-9B14-46A0-8113-9CD160826929}",
				"{CBB7F3D4-1F8A-44D4-BABE-3EA5083FD2B4}",
				"{7081D617-9BFB-4FC6-8457-14B7FBD4AC4A}",
				"{5332894A-ABA6-449F-9A52-2BDF3238E4EB}",
				"{B1B919A3-147E-46CA-A3DD-94D281D33F1F}",
				"{693B0D51-AAAA-44BB-B7EF-9DD3FA68A3B5}",
				"{9E0A129A-0BB9-4C42-840C-B618B5391C75}",
				"{25ACA023-88EF-4080-92AF-6C56297632F6}",
				"{9EF20D16-D47D-4EDB-9C93-45D8CD6D6747}",
				"{5C44D538-9800-4263-B716-5C89CCCC4B68}",
				"{4DBD36B7-F302-4D8C-BDE1-86A4D9F34A2C}",
				"{49E9715B-D74F-4DCA-B4CD-E02BCFDB921E}"
			],
			"isa": "PBXGroup",
			"name": "src",
			"path": "../../../addons/ofxMidi/src",
			"sourceTree": "SOURCE_ROOT"
		},
		"{D2991029-627A-4F4C-8313-DE6132245858}": {
			"explicitFileType": "sourcecode.c.h",
			"fileEncoding": "4",
			"isa": "PBXFileReference",
			"name": "ofxMidi.h",
			"path": "../../../addons/ofxMidi/src/ofxMidi.h",
			"sourceTree": "SOURCE_ROOT"
		},
		"{D32B2670-76FB-4C57-9F68-887285E76C66}": {
			"fileRef": "{53C1F28C-67FC-45E9-9C9D-5C2965BD338E}",
			"isa": "PBXBuildFile"
		},
		"{D4EC8A03-87E8-4725-A378-6AFC064262B5}": {
			"explicitFileType": "sourcecode.c.h",
			"fileEncoding": "4",
			"isa": "PBXFileReference",
			"name": "ofxXmlSettings.h",
			"path": "../../../addons/ofxXmlSettings/src/ofxXmlSettings.h",
			"sourceTree": "SOURCE_ROOT"
		},
		"{D79BAA92-96E4-4BCD-BA91-EA3EFFD31892}": {
			"fileRef": "{761CEA29-8260-490B-8E8B-0B47518BD590}",
			"isa": "PBXBuildFile"
		},
		"{DA678289-1753-4BCE-8009-28A50659DFB2}": {
			"children": [
				"{4F2F1A1D-DB77-47D0-8114-DFFAF68BF3B8}",
				"{9820DE7F-88DD-4D82-9507-7FACB0D4620D}"
			],
			"isa": "PBXGroup",
			"name": "themes",
			"path": "../../../addons/ofxDatGui/src/themes",
			"sourceTree": "SOURCE_ROOT"
		},
		"{DFBCBA5C-EF62-4113-9C6E-4FE2101FD635}": {
			"explicitFileType": "sourcecode.c.h",
			"fileEncoding": "4",
			"isa": "PBXFileReference",
			"name": "ofxDatGuiConstants.h",
			"path": "../../../addons/ofxDatGui/src/core/ofxDatGuiConstants.h",
			"sourceTree": "SOURCE_ROOT"
		},
		"{E09B1B1E-7840-4C60-B2F7-9E6B2B75A86A}": {
			"explicitFileType": "sourcecode.c.h",
			"fileEncoding": "4",
			"isa": "PBXFileReference",
			"name": "ofxDatGuiTextInput.h",
			"path": "../../../addons/ofxDatGui/src/components/ofxDatGuiTextInput.h",
			"sourceTree": "SOURCE_ROOT"
		},
		"{E1E49497-EF72-4D16-AD15-40A94FDAD6E1}": {
			"fileRef": "{CDDD4DEB-DB87-4068-BB34-8219F80231DD}",
			"isa": "PBXBuildFile"
		},
		"{E2D3D9F8-AA5F-461B-9214-3E4A8F3684FC}": {
			"explicitFileType": "sourcecode.c.h",
			"fileEncoding": "4",
			"isa": "PBXFileReference",
			"name": "ofxDatGuiIntObject.h",
			"path": "../../../addons/ofxDatGui/src/core/ofxDatGuiIntObject.h",
			"sourceTree": "SOURCE_ROOT"
		},
		"{E2E4B9E2-D069-4648-A782-1C3BBC7DE49F}": {
			"explicitFileType": "sourcecode.c.h",
			"fileEncoding": "4",
			"isa": "PBXFileReference",
			"name": "ofxRtMidiIn.h",
			"path": "../../../addons/ofxMidi/src/desktop/ofxRtMidiIn.h",
			"sourceTree": "SOURCE_ROOT"
		},
		"{E5207B69-9979-4E5C-8565-7A48DA362480}": {
			"explicitFileType": "sourcecode.c.h",
			"fileEncoding": "4",
			"isa": "PBXFileReference",
			"name": "ofxDatGuiButton.h",
			"path": "../../../addons/ofxDatGui/src/components/ofxDatGuiButton.h",
			"sourceTree": "SOURCE_ROOT"
		},
		"{E6E90105-F50D-4F23-8E61-6A98F818176C}": {
			"children": [
				"{18368BE2-F677-4EBF-A38B-78E3B2075682}",
				"{66FBF8A2-9808-4FC9-BAC6-F338C032ECAA}"
			],
			"isa": "PBXGroup",
			"name": "rtmidi",
			"path": "../../../addons/ofxMidi/libs/rtmidi",
			"sourceTree": "SOURCE_ROOT"
		},
		"{EAE9CE0E-553C-43D7-93C0-0DA4C5168329}": {
			"children": [
				"{5464CAEC-8CEE-4F40-A887-D0BA0046B1A2}",
				"{E5207B69-9979-4E5C-8565-7A48DA362480}",
				"{7586FECD-53BF-49C1-B323-7920DAA1C488}",
				"{62E8B7B1-60FC-4867-8202-E2F94F2B9AD3}",
				"{246E9B35-29C6-4D74-B128-54C489CAA93A}",
				"{A6595654-5C81-49C9-A670-E3242DD460CD}",
				"{A40DB911-42E2-4A9C-916D-5A2B2567DBAD}",
				"{7CDCA4AA-B6F9-41DD-AFB4-A13D7868447F}",
				"{B4D7877E-EECE-404F-9FD5-544F8B850D77}",
				"{210D70F8-FABE-47B1-ADBD-414B92AF3FEE}",
				"{E09B1B1E-7840-4C60-B2F7-9E6B2B75A86A}",
				"{A48D5EAA-61D7-4A8C-8D04-519A1D810322}",
				"{1EE1CAC9-EE8D-4A2B-BE84-C06ED6FBA49E}"
			],
			"isa": "PBXGroup",
			"name": "components",
			"path": "../../../addons/ofxDatGui/src/components",
			"sourceTree": "SOURCE_ROOT"
		},
		"{EC4A8CA0-3ADA-44B2-B50E-09F25F41695F}": {
			"explicitFileType": "sourcecode.c.h",
			"fileEncoding": "4",
			"isa": "PBXFileReference",
			"name": "ofxAbletonLinkThreaded.h",
			"path": "../../../addons/ofxAbletonLink/src/ofxAbletonLinkThreaded.h",
			"sourceTree": "SOURCE_ROOT"
		},
		"{F07AD44E-8141-42E2-8E86-39E3A00EFFCC}": {
			"fileRef": "{C53DFE11-33F6-4BCC-856B-3BD59B26D3D6}",
			"isa": "PBXBuildFile"
		},
		"{F1BDB68B-8AF3-4934-9689-32E3E40761EF}": {
			"isa": "PBXFileReference",
			"lastKnownFileType": "wrapper.framework",
			"name": "CoreMIDI.framework",
			"path": "/System/Library/Frameworks/CoreMIDI.framework",
			"sourceTree": "<group>"
		},
		"{F26419B9-9B14-46A0-8113-9CD160826929}": {
			"explicitFileType": "sourcecode.cpp.cpp",
			"fileEncoding": "4",
			"isa": "PBXFileReference",
			"name": "ofxMidiClock.cpp",
			"path": "../../../addons/ofxMidi/src/ofxMidiClock.cpp",
			"sourceTree": "SOURCE_ROOT"
		},
		"{F4926ECF-03A9-4CA3-A236-293DD30C8E85}": {
			"children": [
				"{11DE88D8-10D2-4323-8C1A-1DC7694B839D}",
				"{D4EC8A03-87E8-4725-A378-6AFC064262B5}"
			],
			"isa": "PBXGroup",
			"name": "src",
			"path": "../../../addons/ofxXmlSettings/src",
			"sourceTree": "SOURCE_ROOT"
		},
		"{FD4FD326-B267-4861-9084-69DA8B032D21}": {
			"explicitFileType": "sourcecode.c.h",
			"fileEncoding": "4",
			"isa": "PBXFileReference",
			"name": "ofxDatGuiComponent.h",
			"path": "../../../addons/ofxDatGui/src/core/ofxDatGuiComponent.h",
			"sourceTree": "SOURCE_ROOT"
		}
	},
	"rootObject": "E4B69B4C0A3A1720003C02F2"
}