{
	"archiveVersion": "1",
	"classes": {},
	"objectVersion": "54",
	"objects": {
		"191CD6FA2847E21E0085CBB6": {
			"fileEncoding": "4",
			"isa": "PBXFileReference",
			"lastKnownFileType": "text.plist.entitlements",
			"path": "of.entitlements",
			"sourceTree": "<group>"
		},
		"191EF70929D778A400F35F26": {
			"isa": "PBXFileReference",
			"lastKnownFileType": "folder",
			"name": "openFrameworks",
			"path": "../../../libs/openFrameworks",
			"sourceTree": "SOURCE_ROOT"
		},
		"19B789C429E5AB4A0082E9B8": {
			"buildActionMask": "2147483647",
			"files": [],
			"inputFileListPaths": [],
			"inputPaths": [],
			"isa": "PBXShellScriptBuildPhase",
			"outputFileListPaths": [],
			"outputPaths": [],
			"runOnlyForDeploymentPostprocessing": "0",
			"shellPath": "/bin/sh",
			"shellScript": "\"$OF_PATH/scripts/osx/xcode_project.sh\"\n"
		},
		"BB4B014C10F69532006C3DED": {
			"children": [
				"{FA60E12C-FE8E-4724-8C78-C2137ACCEA70}",
				"{62CDD076-7500-4632-8BB1-D36411EF96AA}",
				"{662AC63D-FE2F-48E6-AB07-4BB116AF4089}",
				"{19AC6FD6-5791-4393-A7AC-7912CEBD2CDC}"
			],
			"isa": "PBXGroup",
			"name": "addons",
			"path": "../../../addons",
			"sourceTree": "<group>"
		},
		"E42962A92163ECCD00A6A9E2": {
			"alwaysOutOfDate": "1",
			"buildActionMask": "2147483647",
			"files": [],
			"inputPaths": [],
			"isa": "PBXShellScriptBuildPhase",
			"name": "Run Script — Compile OF",
			"outputPaths": [],
			"runOnlyForDeploymentPostprocessing": "0",
			"shellPath": "/bin/sh",
			"shellScript": "echo \"💾 Compiling Openframeworks\"\nxcodebuild -project \"$OF_PATH/libs/openFrameworksCompiled/project/osx/openFrameworksLib.xcodeproj\" -target openFrameworks -configuration \"${CONFIGURATION}\"  CLANG_CXX_LANGUAGE_STANDARD=$CLANG_CXX_LANGUAGE_STANDARD MACOSX_DEPLOYMENT_TARGET=$MACOSX_DEPLOYMENT_TARGET GCC_PREPROCESSOR_DEFINITIONS=$USER_PREPROCESSOR_DEFINITIONS\n",
			"showEnvVarsInLog": "0"
		},
		"E4A5B60F29BAAAE400C2D356": {
			"buildActionMask": "2147483647",
			"dstPath": "",
			"dstSubfolderSpec": "6",
			"files": [],
			"isa": "PBXCopyFilesBuildPhase",
			"runOnlyForDeploymentPostprocessing": "0"
		},
		"E4B69B4A0A3A1720003C02F2": {
			"children": [
				"191CD6FA2847E21E0085CBB6",
				"E4B6FCAD0C3E899E008CF71C",
				"E4EB6923138AFD0F00A09F29",
				"E4B69E1C0A3A1BDC003C02F2",
				"191EF70929D778A400F35F26",
				"BB4B014C10F69532006C3DED",
				"E4B69B5B0A3A1756003C02F2"
			],
			"isa": "PBXGroup",
			"sourceTree": "<group>"
		},
		"E4B69B4C0A3A1720003C02F2": {
			"attributes": {
				"LastUpgradeCheck": "0600"
			},
			"buildConfigurationList": "E4B69B4D0A3A1720003C02F2",
			"compatibilityVersion": "Xcode 3.2",
			"developmentRegion": "en",
			"hasScannedForEncodings": "0",
			"isa": "PBXProject",
			"knownRegions": [
				"en",
				"Base"
			],
			"mainGroup": "E4B69B4A0A3A1720003C02F2",
			"productRefGroup": "E4B69B4A0A3A1720003C02F2",
			"projectDirPath": "",
			"projectRoot": "",
			"targets": [
				"E4B69B5A0A3A1756003C02F2"
			]
		},
		"E4B69B4D0A3A1720003C02F2": {
			"buildConfigurations": [
				"E4B69B4E0A3A1720003C02F2",
				"E4B69B4F0A3A1720003C02F2"
			],
			"defaultConfigurationIsVisible": "0",
			"defaultConfigurationName": "Release",
			"isa": "XCConfigurationList"
		},
		"E4B69B4E0A3A1720003C02F2": {
			"baseConfigurationReference": "E4EB6923138AFD0F00A09F29",
			"buildSettings": {
				"CODE_SIGN_ENTITLEMENTS": "of.entitlements",
				"COPY_PHASE_STRIP": "NO",
				"ENABLE_TESTABILITY": "YES",
				"GCC_OPTIMIZATION_LEVEL": "0",
				"GCC_WARN_UNUSED_VARIABLE": "NO",
				"HEADER_SEARCH_PATHS": [
					"$(OF_CORE_HEADERS)",
					"src"
				],
				"OTHER_CPLUSPLUSFLAGS": "-D__MACOSX_CORE__"
			},
			"isa": "XCBuildConfiguration",
			"name": "Debug"
		},
		"E4B69B4F0A3A1720003C02F2": {
			"baseConfigurationReference": "E4EB6923138AFD0F00A09F29",
			"buildSettings": {
				"CODE_SIGN_ENTITLEMENTS": "of.entitlements",
				"COPY_PHASE_STRIP": "YES",
				"GCC_OPTIMIZATION_LEVEL": "3",
				"GCC_UNROLL_LOOPS": "YES",
				"HEADER_SEARCH_PATHS": [
					"$(OF_CORE_HEADERS)",
					"src"
				],
				"OTHER_CPLUSPLUSFLAGS": "-D__MACOSX_CORE__"
			},
			"isa": "XCBuildConfiguration",
			"name": "Release"
		},
		"E4B69B580A3A1756003C02F2": {
			"buildActionMask": "2147483647",
			"files": [
				"E4B69E200A3A1BDC003C02F2",
				"E4B69E210A3A1BDC003C02F2",
				"{C7FF8BDE-5A58-439B-9A3A-BA2DD031835F}",
				"{4FA00EA8-4CB1-41C6-B9FC-A1E8D538D346}",
				"{69DA5B8B-9E6F-467D-859C-3CAB3EBEECC3}",
				"{F2A4E0D0-0DE1-491B-AD85-69E5021FB948}",
				"{79D124C5-81CC-4685-ABB8-9105CF470BA9}",
				"{B8EE9628-D203-4BB2-84CF-6D4E9423AAC1}",
				"{249E4A4E-E920-4B1A-82CB-44FD1A762037}",
				"{CD8ED878-E64E-4A29-9EDD-662753C4F3EC}",
				"{54579772-F366-4A0A-9CEE-9AD93A13B77A}",
				"{DAB146CB-3C27-4ABE-8FDC-80881A109C35}",
				"{AA23CB66-1E38-4961-B617-449ECD5E59BE}",
				"{1BB492B8-8A3B-4D2C-81CC-F90043AA887D}",
				"{CACF5D54-A6CE-4BC8-8288-3ACC8038534D}",
				"{C2A55949-9393-44A4-81AF-6211056F1265}",
				"{C4FA4A87-4493-495E-BA02-4B6791E0EA60}",
				"{4E384993-066F-411C-9220-080F062E67E6}",
				"{441AE0B8-7668-4DDE-833B-231A1E6D2CB6}"
			],
			"isa": "PBXSourcesBuildPhase",
			"runOnlyForDeploymentPostprocessing": "0"
		},
		"E4B69B590A3A1756003C02F2": {
			"buildActionMask": "2147483647",
			"files": [
				"{C3A7EBB3-8604-4A8D-98E9-77A461065440}"
			],
			"isa": "PBXFrameworksBuildPhase",
			"runOnlyForDeploymentPostprocessing": "0"
		},
		"E4B69B5A0A3A1756003C02F2": {
			"buildConfigurationList": "E4B69B5F0A3A1757003C02F2",
			"buildPhases": [
				"E42962A92163ECCD00A6A9E2",
				"E4B69B580A3A1756003C02F2",
				"E4B69B590A3A1756003C02F2",
				"E4C2427710CC5ABF004149E2",
				"E4A5B60F29BAAAE400C2D356",
				"19B789C429E5AB4A0082E9B8"
			],
			"buildRules": [],
			"dependencies": [],
			"isa": "PBXNativeTarget",
			"name": "ofxMidiClockAbletonLink",
			"productName": "myOFApp",
			"productReference": "E4B69B5B0A3A1756003C02F2",
			"productType": "com.apple.product-type.application"
		},
		"E4B69B5B0A3A1756003C02F2": {
			"explicitFileType": "wrapper.application",
			"includeInIndex": "0",
			"isa": "PBXFileReference",
			"path": "ofxMidiClockAbletonLinkDebug.app",
			"sourceTree": "BUILT_PRODUCTS_DIR"
		},
		"E4B69B5F0A3A1757003C02F2": {
			"buildConfigurations": [
				"E4B69B600A3A1757003C02F2",
				"E4B69B610A3A1757003C02F2"
			],
			"defaultConfigurationIsVisible": "0",
			"defaultConfigurationName": "Release",
			"isa": "XCConfigurationList"
		},
		"E4B69B600A3A1757003C02F2": {
			"baseConfigurationReference": "E4EB6923138AFD0F00A09F29",
			"buildSettings": {
				"ARCHS": "$(ARCHS_STANDARD)",
				"COPY_PHASE_STRIP": "NO",
				"FRAMEWORK_SEARCH_PATHS": [
					"$(inherited)",
					"/System/Library/Frameworks"
				],
				"GCC_DYNAMIC_NO_PIC": "NO",
				"HEADER_SEARCH_PATHS": [
					"$(OF_CORE_HEADERS)",
					"src",
					"src",
					"../../../addons/ofxAbletonLink/src",
					"../../../addons/ofxAbletonLink/libs/link/include",
					"../../../addons/ofxAbletonLink/libs/link/include/ableton",
					"../../../addons/ofxAbletonLink/libs/link/modules/asio-standalone/asio/include",
					"../../../addons/ofxDatGui/src",
					"../../../addons/ofxDatGui/src/components",
					"../../../addons/ofxDatGui/src/core",
					"../../../addons/ofxDatGui/src/libs",
					"../../../addons/ofxDatGui/src/libs/ofxSmartFont",
					"../../../addons/ofxDatGui/src/themes",
					"../../../addons/ofxMidi/libs",
					"../../../addons/ofxMidi/libs/pgmidi",
					"../../../addons/ofxMidi/libs/rtmidi",
					"../../../addons/ofxMidi/src",
					"../../../addons/ofxMidi/src/desktop",
					"../../../addons/ofxMidi/src/ios",
					"../../../addons/ofxXmlSettings/libs",
					"../../../addons/ofxXmlSettings/src"
				],
				"LIBRARY_SEARCH_PATHS": "$(inherited)",
				"OTHER_LDFLAGS": [
					"$(OF_CORE_LIBS)",
					"$(OF_CORE_FRAMEWORKS)",
					"$(LIB_OF_DEBUG)"
				]
			},
			"isa": "XCBuildConfiguration",
			"name": "Debug"
		},
		"E4B69B610A3A1757003C02F2": {
			"baseConfigurationReference": "E4EB6923138AFD0F00A09F29",
			"buildSettings": {
				"ARCHS": "$(ARCHS_STANDARD)",
				"COPY_PHASE_STRIP": "YES",
				"FRAMEWORK_SEARCH_PATHS": [
					"$(inherited)",
					"/System/Library/Frameworks"
				],
				"HEADER_SEARCH_PATHS": [
					"$(OF_CORE_HEADERS)",
					"src",
					"src",
					"../../../addons/ofxAbletonLink/src",
					"../../../addons/ofxAbletonLink/libs/link/include",
					"../../../addons/ofxAbletonLink/libs/link/include/ableton",
					"../../../addons/ofxAbletonLink/libs/link/modules/asio-standalone/asio/include",
					"../../../addons/ofxDatGui/src",
					"../../../addons/ofxDatGui/src/components",
					"../../../addons/ofxDatGui/src/core",
					"../../../addons/ofxDatGui/src/libs",
					"../../../addons/ofxDatGui/src/libs/ofxSmartFont",
					"../../../addons/ofxDatGui/src/themes",
					"../../../addons/ofxMidi/libs",
					"../../../addons/ofxMidi/libs/pgmidi",
					"../../../addons/ofxMidi/libs/rtmidi",
					"../../../addons/ofxMidi/src",
					"../../../addons/ofxMidi/src/desktop",
					"../../../addons/ofxMidi/src/ios",
					"../../../addons/ofxXmlSettings/libs",
					"../../../addons/ofxXmlSettings/src"
				],
				"LIBRARY_SEARCH_PATHS": "$(inherited)",
				"OTHER_LDFLAGS": [
					"$(OF_CORE_LIBS)",
					"$(OF_CORE_FRAMEWORKS)",
					"$(LIB_OF)"
				],
				"baseConfigurationReference": "E4EB6923138AFD0F00A09F29"
			},
			"isa": "XCBuildConfiguration",
			"name": "Release"
		},
		"E4B69E1C0A3A1BDC003C02F2": {
			"children": [
				"E4B69E1D0A3A1BDC003C02F2",
				"E4B69E1E0A3A1BDC003C02F2",
				"E4B69E1F0A3A1BDC003C02F2"
			],
			"isa": "PBXGroup",
			"path": "src",
			"sourceTree": "SOURCE_ROOT"
		},
		"E4B69E1D0A3A1BDC003C02F2": {
			"fileEncoding": "4",
			"isa": "PBXFileReference",
			"lastKnownFileType": "sourcecode.cpp.cpp",
			"name": "main.cpp",
			"path": "src/main.cpp",
			"sourceTree": "SOURCE_ROOT"
		},
		"E4B69E1E0A3A1BDC003C02F2": {
			"explicitFileType": "sourcecode.cpp.cpp",
			"fileEncoding": "4",
			"isa": "PBXFileReference",
			"name": "ofApp.cpp",
			"path": "src/ofApp.cpp",
			"sourceTree": "SOURCE_ROOT"
		},
		"E4B69E1F0A3A1BDC003C02F2": {
			"fileEncoding": "4",
			"isa": "PBXFileReference",
			"lastKnownFileType": "sourcecode.c.h",
			"name": "ofApp.h",
			"path": "src/ofApp.h",
			"sourceTree": "SOURCE_ROOT"
		},
		"E4B69E200A3A1BDC003C02F2": {
			"fileRef": "E4B69E1D0A3A1BDC003C02F2",
			"isa": "PBXBuildFile"
		},
		"E4B69E210A3A1BDC003C02F2": {
			"fileRef": "E4B69E1E0A3A1BDC003C02F2",
			"isa": "PBXBuildFile"
		},
		"E4B6FCAD0C3E899E008CF71C": {
			"fileEncoding": "4",
			"isa": "PBXFileReference",
			"lastKnownFileType": "text.plist.xml",
			"path": "openFrameworks-Info.plist",
			"sourceTree": "<group>"
		},
		"E4C2427710CC5ABF004149E2": {
			"buildActionMask": "2147483647",
			"dstPath": "",
			"dstSubfolderSpec": "10",
			"files": [],
			"isa": "PBXCopyFilesBuildPhase",
			"runOnlyForDeploymentPostprocessing": "0"
		},
		"E4EB6923138AFD0F00A09F29": {
			"fileEncoding": "4",
			"isa": "PBXFileReference",
			"lastKnownFileType": "text.xcconfig",
			"path": "Project.xcconfig",
			"sourceTree": "<group>"
		},
		"{043005FD-D639-4691-B9B5-B8F0EB6D0F6A}": {
			"explicitFileType": "sourcecode.c.h",
			"fileEncoding": "4",
			"isa": "PBXFileReference",
			"name": "ofxDatGuiColorPicker.h",
			"path": "../../../addons/ofxDatGui/src/components/ofxDatGuiColorPicker.h",
			"sourceTree": "SOURCE_ROOT"
		},
		"{12508931-AFF5-46DF-B6DB-83B89B6D47D0}": {
			"explicitFileType": "sourcecode.cpp.cpp",
			"fileEncoding": "4",
			"isa": "PBXFileReference",
			"name": "ofxRtMidiOut.cpp",
			"path": "../../../addons/ofxMidi/src/desktop/ofxRtMidiOut.cpp",
			"sourceTree": "SOURCE_ROOT"
		},
		"{19AC6FD6-5791-4393-A7AC-7912CEBD2CDC}": {
			"children": [
				"{C88C0549-9E2C-467B-B9E2-317A1B6F6343}",
				"{AB8E722A-4C07-4549-B959-227765823474}"
			],
			"isa": "PBXGroup",
			"name": "ofxXmlSettings",
			"path": "../../../addons/ofxXmlSettings",
			"sourceTree": "SOURCE_ROOT"
		},
		"{1A42EF6B-6308-4E41-B549-CAAB6D049C42}": {
			"explicitFileType": "sourcecode.c.h",
			"fileEncoding": "4",
			"isa": "PBXFileReference",
			"name": "ofxRtMidiOut.h",
			"path": "../../../addons/ofxMidi/src/desktop/ofxRtMidiOut.h",
			"sourceTree": "SOURCE_ROOT"
		},
		"{1BB492B8-8A3B-4D2C-81CC-F90043AA887D}": {
			"fileRef": "{57DAD6E3-3D44-4480-8CB9-E65F8745EEC8}",
			"isa": "PBXBuildFile"
		},
		"{228E5A9A-484D-4282-B67E-9B81A17E3A6C}": {
			"explicitFileType": "sourcecode.c.h",
			"fileEncoding": "4",
			"isa": "PBXFileReference",
			"name": "ofxDatGuiGroups.h",
			"path": "../../../addons/ofxDatGui/src/components/ofxDatGuiGroups.h",
			"sourceTree": "SOURCE_ROOT"
		},
		"{244E0FCF-A7A4-41A3-B9E9-521D5DB29805}": {
			"explicitFileType": "sourcecode.c.h",
			"fileEncoding": "4",
			"isa": "PBXFileReference",
			"name": "ofxDatGuiControls.h",
			"path": "../../../addons/ofxDatGui/src/components/ofxDatGuiControls.h",
			"sourceTree": "SOURCE_ROOT"
		},
		"{249E4A4E-E920-4B1A-82CB-44FD1A762037}": {
			"fileRef": "{2FE4F619-EB09-473F-BBDC-E4F02213DBCC}",
			"isa": "PBXBuildFile"
		},
		"{28E26147-8E18-4397-B8FA-0470A4BA0B45}": {
			"explicitFileType": "sourcecode.c.h",
			"fileEncoding": "4",
			"isa": "PBXFileReference",
			"name": "RtMidi.h",
			"path": "../../../addons/ofxMidi/libs/rtmidi/RtMidi.h",
			"sourceTree": "SOURCE_ROOT"
		},
		"{2A2819B8-452F-4E2B-A174-9A2BC3A7067D}": {
			"children": [
				"{ABEFF5A5-4F78-491D-B5C4-D3C6AE261F91}"
			],
			"isa": "PBXGroup",
			"name": "libs",
			"path": "../../../addons/ofxDatGui/src/libs",
			"sourceTree": "SOURCE_ROOT"
		},
		"{2D0068B5-D4A1-47EE-8DBB-2E02F2E7C032}": {
			"children": [
				"{2D58914D-1162-4613-BE2C-398EDE0B7493}"
			],
			"isa": "PBXGroup",
			"name": "libs",
			"path": "../../../addons/ofxMidi/libs",
			"sourceTree": "SOURCE_ROOT"
		},
		"{2D58914D-1162-4613-BE2C-398EDE0B7493}": {
			"children": [
				"{B572A766-B57A-4FCB-94F5-67E499118263}",
				"{28E26147-8E18-4397-B8FA-0470A4BA0B45}"
			],
			"isa": "PBXGroup",
			"name": "rtmidi",
			"path": "../../../addons/ofxMidi/libs/rtmidi",
			"sourceTree": "SOURCE_ROOT"
		},
		"{2E60E05F-A9E0-4FE2-B738-FC3105236858}": {
			"explicitFileType": "sourcecode.c.h",
			"fileEncoding": "4",
			"isa": "PBXFileReference",
			"name": "ofxDatGuiTextInput.h",
			"path": "../../../addons/ofxDatGui/src/components/ofxDatGuiTextInput.h",
			"sourceTree": "SOURCE_ROOT"
		},
		"{2F9FCABE-0824-41FB-A7B2-0DD0FB31EED1}": {
			"explicitFileType": "sourcecode.cpp.cpp",
			"fileEncoding": "4",
			"isa": "PBXFileReference",
			"name": "tinyxmlparser.cpp",
			"path": "../../../addons/ofxXmlSettings/libs/tinyxmlparser.cpp",
			"sourceTree": "SOURCE_ROOT"
		},
		"{2FE4F619-EB09-473F-BBDC-E4F02213DBCC}": {
			"explicitFileType": "sourcecode.cpp.cpp",
			"fileEncoding": "4",
			"isa": "PBXFileReference",
			"name": "ofxBaseMidi.cpp",
			"path": "../../../addons/ofxMidi/src/ofxBaseMidi.cpp",
			"sourceTree": "SOURCE_ROOT"
		},
		"{3144EE92-1046-4441-82A9-E8B3C52B290A}": {
			"explicitFileType": "sourcecode.cpp.cpp",
			"fileEncoding": "4",
			"isa": "PBXFileReference",
			"name": "tinyxmlerror.cpp",
			"path": "../../../addons/ofxXmlSettings/libs/tinyxmlerror.cpp",
			"sourceTree": "SOURCE_ROOT"
		},
		"{33444475-7CBB-4EB6-8CDA-7D68CCB55D5E}": {
			"explicitFileType": "sourcecode.c.h",
			"fileEncoding": "4",
			"isa": "PBXFileReference",
			"name": "ofxDatGuiFRM.h",
			"path": "../../../addons/ofxDatGui/src/components/ofxDatGuiFRM.h",
			"sourceTree": "SOURCE_ROOT"
		},
		"{3570959F-C9F2-47D3-BDC9-B774E2D8FDD5}": {
			"explicitFileType": "sourcecode.c.h",
			"fileEncoding": "4",
			"isa": "PBXFileReference",
			"name": "ofxDatGuiTimeGraph.h",
			"path": "../../../addons/ofxDatGui/src/components/ofxDatGuiTimeGraph.h",
			"sourceTree": "SOURCE_ROOT"
		},
		"{39212795-0696-47BD-8459-37DE309BA134}": {
			"children": [
				"{AB70DB79-B1F2-475A-8A19-9559FF88CE36}",
				"{3CF8D365-32D5-4ABD-8621-7DD2FBB36FA8}",
				"{2A2819B8-452F-4E2B-A174-9A2BC3A7067D}",
				"{8505EA91-BE8E-4F02-B4EE-8597EBCB86F0}",
				"{3AC2C7BB-366D-47E8-8A75-42ACFF9013A4}",
				"{3F7ED347-A6B6-465C-93AD-568578A1DCA4}"
			],
			"isa": "PBXGroup",
			"name": "src",
			"path": "../../../addons/ofxDatGui/src",
			"sourceTree": "SOURCE_ROOT"
		},
		"{39E1085C-B5CA-4D04-82E9-01D460F91C3F}": {
			"explicitFileType": "sourcecode.c.h",
			"fileEncoding": "4",
			"isa": "PBXFileReference",
			"name": "ofxDatGui2dPad.h",
			"path": "../../../addons/ofxDatGui/src/components/ofxDatGui2dPad.h",
			"sourceTree": "SOURCE_ROOT"
		},
		"{3AC2C7BB-366D-47E8-8A75-42ACFF9013A4}": {
			"explicitFileType": "sourcecode.c.h",
			"fileEncoding": "4",
			"isa": "PBXFileReference",
			"name": "ofxDatGui.h",
			"path": "../../../addons/ofxDatGui/src/ofxDatGui.h",
			"sourceTree": "SOURCE_ROOT"
		},
		"{3AC747F1-DF2A-4AFF-854D-51CA598D23A4}": {
			"explicitFileType": "sourcecode.c.h",
			"fileEncoding": "4",
			"isa": "PBXFileReference",
			"name": "ofxMidiClock.h",
			"path": "../../../addons/ofxMidi/src/ofxMidiClock.h",
			"sourceTree": "SOURCE_ROOT"
		},
		"{3CF8D365-32D5-4ABD-8621-7DD2FBB36FA8}": {
			"children": [
				"{818F8A45-D9F7-4CC2-8088-342B5B896578}",
				"{5208C5A5-B94A-4D5E-BFAC-C059112A5700}",
				"{4B974C66-2AAB-4A34-B2AF-87B7AA582BE1}",
				"{A0BB426C-F316-4102-8783-6574F8BD7DFF}",
				"{F7FA2196-7F69-4A0B-A9CE-F164F03BB020}"
			],
			"isa": "PBXGroup",
			"name": "core",
			"path": "../../../addons/ofxDatGui/src/core",
			"sourceTree": "SOURCE_ROOT"
		},
		"{3F7ED347-A6B6-465C-93AD-568578A1DCA4}": {
			"children": [
				"{756FB6FA-7DFB-48C4-90CB-968ADC5A181E}",
				"{74C74051-E84B-4363-BD69-4F7212E06C02}"
			],
			"isa": "PBXGroup",
			"name": "themes",
			"path": "../../../addons/ofxDatGui/src/themes",
			"sourceTree": "SOURCE_ROOT"
		},
		"{409E7C75-D3A8-49A3-A6D5-D5BF8F703679}": {
			"explicitFileType": "sourcecode.cpp.cpp",
			"fileEncoding": "4",
			"isa": "PBXFileReference",
			"name": "tinyxml.cpp",
			"path": "../../../addons/ofxXmlSettings/libs/tinyxml.cpp",
			"sourceTree": "SOURCE_ROOT"
		},
		"{40F80D1A-775D-4B50-A2A2-F1420C3140A9}": {
			"explicitFileType": "sourcecode.c.h",
			"fileEncoding": "4",
			"isa": "PBXFileReference",
			"name": "ofxDatGuiLabel.h",
			"path": "../../../addons/ofxDatGui/src/components/ofxDatGuiLabel.h",
			"sourceTree": "SOURCE_ROOT"
		},
		"{42F2BE61-003E-486A-994C-CA3A4537A800}": {
			"explicitFileType": "sourcecode.c.h",
			"fileEncoding": "4",
			"isa": "PBXFileReference",
			"name": "ofxMidiMessage.h",
			"path": "../../../addons/ofxMidi/src/ofxMidiMessage.h",
			"sourceTree": "SOURCE_ROOT"
		},
		"{43F34D84-323E-477A-8123-A24F4E9B4B5C}": {
			"children": [
				"{ADE745E2-DEA5-47F2-86DF-B7450481F728}",
				"{CC1CCCA9-2012-48B1-ABCD-5833B4A1C362}"
			],
			"isa": "PBXGroup",
			"name": "src",
			"path": "../../../addons/ofxAbletonLink/src",
			"sourceTree": "SOURCE_ROOT"
		},
		"{441AE0B8-7668-4DDE-833B-231A1E6D2CB6}": {
			"fileRef": "{E8AF7E32-7DC2-488E-AAAA-2D834091C7D1}",
			"isa": "PBXBuildFile"
		},
		"{4B974C66-2AAB-4A34-B2AF-87B7AA582BE1}": {
			"explicitFileType": "sourcecode.c.h",
			"fileEncoding": "4",
			"isa": "PBXFileReference",
			"name": "ofxDatGuiConstants.h",
			"path": "../../../addons/ofxDatGui/src/core/ofxDatGuiConstants.h",
			"sourceTree": "SOURCE_ROOT"
		},
		"{4E384993-066F-411C-9220-080F062E67E6}": {
			"fileRef": "{2F9FCABE-0824-41FB-A7B2-0DD0FB31EED1}",
			"isa": "PBXBuildFile"
		},
		"{4FA00EA8-4CB1-41C6-B9FC-A1E8D538D346}": {
			"fileRef": "{E8C50A77-F206-42A8-AF4B-95F865EED5D8}",
			"isa": "PBXBuildFile"
		},
		"{5208C5A5-B94A-4D5E-BFAC-C059112A5700}": {
			"explicitFileType": "sourcecode.c.h",
			"fileEncoding": "4",
			"isa": "PBXFileReference",
			"name": "ofxDatGuiComponent.h",
			"path": "../../../addons/ofxDatGui/src/core/ofxDatGuiComponent.h",
			"sourceTree": "SOURCE_ROOT"
		},
		"{54579772-F366-4A0A-9CEE-9AD93A13B77A}": {
			"fileRef": "{66705E80-FB25-408F-97D6-B9D19E6DFFBD}",
			"isa": "PBXBuildFile"
		},
		"{57DAD6E3-3D44-4480-8CB9-E65F8745EEC8}": {
			"explicitFileType": "sourcecode.cpp.cpp",
			"fileEncoding": "4",
			"isa": "PBXFileReference",
			"name": "ofxMidiOut.cpp",
			"path": "../../../addons/ofxMidi/src/ofxMidiOut.cpp",
			"sourceTree": "SOURCE_ROOT"
		},
		"{5C18BBDC-7857-4F11-BCCC-472BB2278A17}": {
			"explicitFileType": "sourcecode.c.h",
			"fileEncoding": "4",
			"isa": "PBXFileReference",
			"name": "ofxMidiTypes.h",
			"path": "../../../addons/ofxMidi/src/ofxMidiTypes.h",
			"sourceTree": "SOURCE_ROOT"
		},
		"{62CDD076-7500-4632-8BB1-D36411EF96AA}": {
			"children": [
				"{39212795-0696-47BD-8459-37DE309BA134}"
			],
			"isa": "PBXGroup",
			"name": "ofxDatGui",
			"path": "../../../addons/ofxDatGui",
			"sourceTree": "SOURCE_ROOT"
		},
		"{6579B36D-F40D-450E-82D2-74AD1FCE0F51}": {
			"explicitFileType": "sourcecode.c.h",
			"fileEncoding": "4",
			"isa": "PBXFileReference",
			"name": "ofxDatGuiTextInputField.h",
			"path": "../../../addons/ofxDatGui/src/components/ofxDatGuiTextInputField.h",
			"sourceTree": "SOURCE_ROOT"
		},
		"{662AC63D-FE2F-48E6-AB07-4BB116AF4089}": {
			"children": [
				"{2D0068B5-D4A1-47EE-8DBB-2E02F2E7C032}",
				"{6AED5218-F0CC-44D1-9970-14DB5166B9B1}",
				"{970AF6EF-5004-4F5E-B229-7C34283AC3DB}"
			],
			"isa": "PBXGroup",
			"name": "ofxMidi",
			"path": "../../../addons/ofxMidi",
			"sourceTree": "SOURCE_ROOT"
		},
		"{66705E80-FB25-408F-97D6-B9D19E6DFFBD}": {
			"explicitFileType": "sourcecode.cpp.cpp",
			"fileEncoding": "4",
			"isa": "PBXFileReference",
			"name": "ofxMidiClock.cpp",
			"path": "../../../addons/ofxMidi/src/ofxMidiClock.cpp",
			"sourceTree": "SOURCE_ROOT"
		},
		"{69DA5B8B-9E6F-467D-859C-3CAB3EBEECC3}": {
			"fileRef": "{8505EA91-BE8E-4F02-B4EE-8597EBCB86F0}",
			"isa": "PBXBuildFile"
		},
		"{69F93C9A-2A58-47F3-AEB1-90B1F9E6C126}": {
			"explicitFileType": "sourcecode.c.h",
			"fileEncoding": "4",
			"isa": "PBXFileReference",
			"name": "ofxDatGuiScrollView.h",
			"path": "../../../addons/ofxDatGui/src/components/ofxDatGuiScrollView.h",
			"sourceTree": "SOURCE_ROOT"
		},
		"{6AED5218-F0CC-44D1-9970-14DB5166B9B1}": {
			"children": [
				"{F9857E36-C15C-4535-B392-B9D88699368A}",
				"{2FE4F619-EB09-473F-BBDC-E4F02213DBCC}",
				"{A1A91280-14C5-4497-A51D-76818EB99450}",
				"{FD0F3E6D-487F-4983-AEA3-F1F004F9020D}",
				"{78181A22-3BD5-4A9F-9FFD-9B98E6A4C665}",
				"{66705E80-FB25-408F-97D6-B9D19E6DFFBD}",
				"{3AC747F1-DF2A-4AFF-854D-51CA598D23A4}",
				"{949BB0A2-2E97-401C-9D96-3547BF59C87B}",
				"{AC6F1CF9-FEE4-45C0-9A5E-91BC6536AB69}",
				"{F610FED7-5336-465C-BB9F-A3E89ABD501C}",
				"{BF964446-42E4-4C78-9D81-9723A751095C}",
				"{42F2BE61-003E-486A-994C-CA3A4537A800}",
				"{57DAD6E3-3D44-4480-8CB9-E65F8745EEC8}",
				"{E363CB40-66C6-4CDB-A42A-11D24DFA5F27}",
				"{E394DE2F-B81C-4961-81BD-5BC9F8C4BE3D}",
				"{B4594585-94CB-4996-9734-EA164FC18477}",
				"{5C18BBDC-7857-4F11-BCCC-472BB2278A17}"
			],
			"isa": "PBXGroup",
			"name": "src",
			"path": "../../../addons/ofxMidi/src",
			"sourceTree": "SOURCE_ROOT"
		},
		"{6C934758-380A-4A43-8362-E030D33201AC}": {
			"isa": "PBXFileReference",
			"lastKnownFileType": "wrapper.framework",
			"name": "CoreMIDI.framework",
			"path": "/System/Library/Frameworks/CoreMIDI.framework",
			"sourceTree": "<group>"
		},
		"{6DFCA541-8C0E-49AD-8951-A6B222166AE3}": {
			"explicitFileType": "sourcecode.c.h",
			"fileEncoding": "4",
			"isa": "PBXFileReference",
			"name": "ofxXmlSettings.h",
			"path": "../../../addons/ofxXmlSettings/src/ofxXmlSettings.h",
			"sourceTree": "SOURCE_ROOT"
		},
		"{74C74051-E84B-4363-BD69-4F7212E06C02}": {
			"explicitFileType": "sourcecode.c.h",
			"fileEncoding": "4",
			"isa": "PBXFileReference",
			"name": "ofxDatGuiThemes.h",
			"path": "../../../addons/ofxDatGui/src/themes/ofxDatGuiThemes.h",
			"sourceTree": "SOURCE_ROOT"
		},
		"{756FB6FA-7DFB-48C4-90CB-968ADC5A181E}": {
			"explicitFileType": "sourcecode.c.h",
			"fileEncoding": "4",
			"isa": "PBXFileReference",
			"name": "ofxDatGuiTheme.h",
			"path": "../../../addons/ofxDatGui/src/themes/ofxDatGuiTheme.h",
			"sourceTree": "SOURCE_ROOT"
		},
		"{78181A22-3BD5-4A9F-9FFD-9B98E6A4C665}": {
			"explicitFileType": "sourcecode.c.h",
			"fileEncoding": "4",
			"isa": "PBXFileReference",
			"name": "ofxMidi.h",
			"path": "../../../addons/ofxMidi/src/ofxMidi.h",
			"sourceTree": "SOURCE_ROOT"
		},
		"{79D124C5-81CC-4685-ABB8-9105CF470BA9}": {
			"fileRef": "{947C8435-F16D-40E6-BD38-BB3CB6EA9723}",
			"isa": "PBXBuildFile"
		},
		"{818F8A45-D9F7-4CC2-8088-342B5B896578}": {
			"explicitFileType": "sourcecode.cpp.cpp",
			"fileEncoding": "4",
			"isa": "PBXFileReference",
			"name": "ofxDatGuiComponent.cpp",
			"path": "../../../addons/ofxDatGui/src/core/ofxDatGuiComponent.cpp",
			"sourceTree": "SOURCE_ROOT"
		},
		"{8505EA91-BE8E-4F02-B4EE-8597EBCB86F0}": {
			"explicitFileType": "sourcecode.cpp.cpp",
			"fileEncoding": "4",
			"isa": "PBXFileReference",
			"name": "ofxDatGui.cpp",
			"path": "../../../addons/ofxDatGui/src/ofxDatGui.cpp",
			"sourceTree": "SOURCE_ROOT"
		},
		"{947C8435-F16D-40E6-BD38-BB3CB6EA9723}": {
			"explicitFileType": "sourcecode.cpp.cpp",
			"fileEncoding": "4",
			"isa": "PBXFileReference",
			"name": "ofxRtMidiIn.cpp",
			"path": "../../../addons/ofxMidi/src/desktop/ofxRtMidiIn.cpp",
			"sourceTree": "SOURCE_ROOT"
		},
		"{949BB0A2-2E97-401C-9D96-3547BF59C87B}": {
			"explicitFileType": "sourcecode.c.h",
			"fileEncoding": "4",
			"isa": "PBXFileReference",
			"name": "ofxMidiConstants.h",
			"path": "../../../addons/ofxMidi/src/ofxMidiConstants.h",
			"sourceTree": "SOURCE_ROOT"
		},
		"{96C79D8A-5AB3-4583-9C9E-C2B5895763BF}": {
			"explicitFileType": "sourcecode.c.h",
			"fileEncoding": "4",
			"isa": "PBXFileReference",
			"name": "ofxDatGuiMatrix.h",
			"path": "../../../addons/ofxDatGui/src/components/ofxDatGuiMatrix.h",
			"sourceTree": "SOURCE_ROOT"
		},
		"{970AF6EF-5004-4F5E-B229-7C34283AC3DB}": {
			"children": [
				"{6C934758-380A-4A43-8362-E030D33201AC}"
			],
			"isa": "PBXGroup",
			"name": "frameworks",
			"sourceTree": "SOURCE_ROOT"
		},
		"{A0BB426C-F316-4102-8783-6574F8BD7DFF}": {
			"explicitFileType": "sourcecode.c.h",
			"fileEncoding": "4",
			"isa": "PBXFileReference",
			"name": "ofxDatGuiEvents.h",
			"path": "../../../addons/ofxDatGui/src/core/ofxDatGuiEvents.h",
			"sourceTree": "SOURCE_ROOT"
		},
		"{A1A91280-14C5-4497-A51D-76818EB99450}": {
			"explicitFileType": "sourcecode.c.h",
			"fileEncoding": "4",
			"isa": "PBXFileReference",
			"name": "ofxBaseMidi.h",
			"path": "../../../addons/ofxMidi/src/ofxBaseMidi.h",
			"sourceTree": "SOURCE_ROOT"
		},
		"{AA23CB66-1E38-4961-B617-449ECD5E59BE}": {
			"fileRef": "{BF964446-42E4-4C78-9D81-9723A751095C}",
			"isa": "PBXBuildFile"
		},
		"{AB70DB79-B1F2-475A-8A19-9559FF88CE36}": {
			"children": [
				"{39E1085C-B5CA-4D04-82E9-01D460F91C3F}",
				"{D3934AB0-D772-4103-989B-2D72BF7BC812}",
				"{043005FD-D639-4691-B9B5-B8F0EB6D0F6A}",
				"{244E0FCF-A7A4-41A3-B9E9-521D5DB29805}",
				"{33444475-7CBB-4EB6-8CDA-7D68CCB55D5E}",
				"{228E5A9A-484D-4282-B67E-9B81A17E3A6C}",
				"{40F80D1A-775D-4B50-A2A2-F1420C3140A9}",
				"{96C79D8A-5AB3-4583-9C9E-C2B5895763BF}",
				"{69F93C9A-2A58-47F3-AEB1-90B1F9E6C126}",
				"{F8B9E6BF-5B3D-466D-9D40-A019FD64E23E}",
				"{2E60E05F-A9E0-4FE2-B738-FC3105236858}",
				"{6579B36D-F40D-450E-82D2-74AD1FCE0F51}",
				"{3570959F-C9F2-47D3-BDC9-B774E2D8FDD5}"
			],
			"isa": "PBXGroup",
			"name": "components",
			"path": "../../../addons/ofxDatGui/src/components",
			"sourceTree": "SOURCE_ROOT"
		},
		"{AB8E722A-4C07-4549-B959-227765823474}": {
			"children": [
				"{E8AF7E32-7DC2-488E-AAAA-2D834091C7D1}",
				"{6DFCA541-8C0E-49AD-8951-A6B222166AE3}"
			],
			"isa": "PBXGroup",
			"name": "src",
			"path": "../../../addons/ofxXmlSettings/src",
			"sourceTree": "SOURCE_ROOT"
		},
		"{ABEFF5A5-4F78-491D-B5C4-D3C6AE261F91}": {
			"children": [
				"{E8C50A77-F206-42A8-AF4B-95F865EED5D8}",
				"{D4AB149F-334E-43E7-8CC8-35ED20267F69}"
			],
			"isa": "PBXGroup",
			"name": "ofxSmartFont",
			"path": "../../../addons/ofxDatGui/src/libs/ofxSmartFont",
			"sourceTree": "SOURCE_ROOT"
		},
		"{AC6F1CF9-FEE4-45C0-9A5E-91BC6536AB69}": {
			"explicitFileType": "sourcecode.cpp.cpp",
			"fileEncoding": "4",
			"isa": "PBXFileReference",
			"name": "ofxMidiIn.cpp",
			"path": "../../../addons/ofxMidi/src/ofxMidiIn.cpp",
			"sourceTree": "SOURCE_ROOT"
		},
		"{ADE745E2-DEA5-47F2-86DF-B7450481F728}": {
			"explicitFileType": "sourcecode.c.h",
			"fileEncoding": "4",
			"isa": "PBXFileReference",
			"name": "ofxAbletonLink.h",
			"path": "../../../addons/ofxAbletonLink/src/ofxAbletonLink.h",
			"sourceTree": "SOURCE_ROOT"
		},
		"{B34E29FB-BF4B-45F2-A4A0-C7C3566055B8}": {
			"explicitFileType": "sourcecode.c.h",
			"fileEncoding": "4",
			"isa": "PBXFileReference",
			"name": "tinyxml.h",
			"path": "../../../addons/ofxXmlSettings/libs/tinyxml.h",
			"sourceTree": "SOURCE_ROOT"
		},
		"{B4594585-94CB-4996-9734-EA164FC18477}": {
			"explicitFileType": "sourcecode.c.h",
			"fileEncoding": "4",
			"isa": "PBXFileReference",
			"name": "ofxMidiTimecode.h",
			"path": "../../../addons/ofxMidi/src/ofxMidiTimecode.h",
			"sourceTree": "SOURCE_ROOT"
		},
		"{B572A766-B57A-4FCB-94F5-67E499118263}": {
			"explicitFileType": "sourcecode.cpp.cpp",
			"fileEncoding": "4",
			"isa": "PBXFileReference",
			"name": "RtMidi.cpp",
			"path": "../../../addons/ofxMidi/libs/rtmidi/RtMidi.cpp",
			"sourceTree": "SOURCE_ROOT"
		},
		"{B8EE9628-D203-4BB2-84CF-6D4E9423AAC1}": {
			"fileRef": "{12508931-AFF5-46DF-B6DB-83B89B6D47D0}",
			"isa": "PBXBuildFile"
		},
		"{BF964446-42E4-4C78-9D81-9723A751095C}": {
			"explicitFileType": "sourcecode.cpp.cpp",
			"fileEncoding": "4",
			"isa": "PBXFileReference",
			"name": "ofxMidiMessage.cpp",
			"path": "../../../addons/ofxMidi/src/ofxMidiMessage.cpp",
			"sourceTree": "SOURCE_ROOT"
		},
		"{C2A55949-9393-44A4-81AF-6211056F1265}": {
			"fileRef": "{409E7C75-D3A8-49A3-A6D5-D5BF8F703679}",
			"isa": "PBXBuildFile"
		},
		"{C3A7EBB3-8604-4A8D-98E9-77A461065440}": {
			"fileRef": "{6C934758-380A-4A43-8362-E030D33201AC}",
			"isa": "PBXBuildFile",
			"settings": {
				"ATTRIBUTES": [
					"CodeSignOnCopy"
				]
			}
		},
		"{C4FA4A87-4493-495E-BA02-4B6791E0EA60}": {
			"fileRef": "{3144EE92-1046-4441-82A9-E8B3C52B290A}",
			"isa": "PBXBuildFile"
		},
		"{C7FF8BDE-5A58-439B-9A3A-BA2DD031835F}": {
			"fileRef": "{818F8A45-D9F7-4CC2-8088-342B5B896578}",
			"isa": "PBXBuildFile"
		},
		"{C88C0549-9E2C-467B-B9E2-317A1B6F6343}": {
			"children": [
				"{409E7C75-D3A8-49A3-A6D5-D5BF8F703679}",
				"{B34E29FB-BF4B-45F2-A4A0-C7C3566055B8}",
				"{3144EE92-1046-4441-82A9-E8B3C52B290A}",
				"{2F9FCABE-0824-41FB-A7B2-0DD0FB31EED1}"
			],
			"isa": "PBXGroup",
			"name": "libs",
			"path": "../../../addons/ofxXmlSettings/libs",
			"sourceTree": "SOURCE_ROOT"
		},
		"{CACF5D54-A6CE-4BC8-8288-3ACC8038534D}": {
			"fileRef": "{E394DE2F-B81C-4961-81BD-5BC9F8C4BE3D}",
			"isa": "PBXBuildFile"
		},
		"{CC1CCCA9-2012-48B1-ABCD-5833B4A1C362}": {
			"explicitFileType": "sourcecode.c.h",
			"fileEncoding": "4",
			"isa": "PBXFileReference",
			"name": "ofxAbletonLinkThreaded.h",
			"path": "../../../addons/ofxAbletonLink/src/ofxAbletonLinkThreaded.h",
			"sourceTree": "SOURCE_ROOT"
		},
		"{CD8ED878-E64E-4A29-9EDD-662753C4F3EC}": {
			"fileRef": "{FD0F3E6D-487F-4983-AEA3-F1F004F9020D}",
			"isa": "PBXBuildFile"
		},
		"{D3934AB0-D772-4103-989B-2D72BF7BC812}": {
			"explicitFileType": "sourcecode.c.h",
			"fileEncoding": "4",
			"isa": "PBXFileReference",
			"name": "ofxDatGuiButton.h",
			"path": "../../../addons/ofxDatGui/src/components/ofxDatGuiButton.h",
			"sourceTree": "SOURCE_ROOT"
		},
		"{D4AB149F-334E-43E7-8CC8-35ED20267F69}": {
			"explicitFileType": "sourcecode.c.h",
			"fileEncoding": "4",
			"isa": "PBXFileReference",
			"name": "ofxSmartFont.h",
			"path": "../../../addons/ofxDatGui/src/libs/ofxSmartFont/ofxSmartFont.h",
			"sourceTree": "SOURCE_ROOT"
		},
		"{DAB146CB-3C27-4ABE-8FDC-80881A109C35}": {
			"fileRef": "{AC6F1CF9-FEE4-45C0-9A5E-91BC6536AB69}",
			"isa": "PBXBuildFile"
		},
		"{E363CB40-66C6-4CDB-A42A-11D24DFA5F27}": {
			"explicitFileType": "sourcecode.c.h",
			"fileEncoding": "4",
			"isa": "PBXFileReference",
			"name": "ofxMidiOut.h",
			"path": "../../../addons/ofxMidi/src/ofxMidiOut.h",
			"sourceTree": "SOURCE_ROOT"
		},
		"{E394DE2F-B81C-4961-81BD-5BC9F8C4BE3D}": {
			"explicitFileType": "sourcecode.cpp.cpp",
			"fileEncoding": "4",
			"isa": "PBXFileReference",
			"name": "ofxMidiTimecode.cpp",
			"path": "../../../addons/ofxMidi/src/ofxMidiTimecode.cpp",
			"sourceTree": "SOURCE_ROOT"
		},
		"{E8AF7E32-7DC2-488E-AAAA-2D834091C7D1}": {
			"explicitFileType": "sourcecode.cpp.cpp",
			"fileEncoding": "4",
			"isa": "PBXFileReference",
			"name": "ofxXmlSettings.cpp",
			"path": "../../../addons/ofxXmlSettings/src/ofxXmlSettings.cpp",
			"sourceTree": "SOURCE_ROOT"
		},
		"{E8C50A77-F206-42A8-AF4B-95F865EED5D8}": {
			"explicitFileType": "sourcecode.cpp.cpp",
			"fileEncoding": "4",
			"isa": "PBXFileReference",
			"name": "ofxSmartFont.cpp",
			"path": "../../../addons/ofxDatGui/src/libs/ofxSmartFont/ofxSmartFont.cpp",
			"sourceTree": "SOURCE_ROOT"
		},
		"{F2A4E0D0-0DE1-491B-AD85-69E5021FB948}": {
			"fileRef": "{B572A766-B57A-4FCB-94F5-67E499118263}",
			"isa": "PBXBuildFile"
		},
		"{F315908E-2326-4BB3-9D6F-BA28E30BBB5D}": {
			"explicitFileType": "sourcecode.c.h",
			"fileEncoding": "4",
			"isa": "PBXFileReference",
			"name": "ofxRtMidiIn.h",
			"path": "../../../addons/ofxMidi/src/desktop/ofxRtMidiIn.h",
			"sourceTree": "SOURCE_ROOT"
		},
		"{F610FED7-5336-465C-BB9F-A3E89ABD501C}": {
			"explicitFileType": "sourcecode.c.h",
			"fileEncoding": "4",
			"isa": "PBXFileReference",
			"name": "ofxMidiIn.h",
			"path": "../../../addons/ofxMidi/src/ofxMidiIn.h",
			"sourceTree": "SOURCE_ROOT"
		},
		"{F7FA2196-7F69-4A0B-A9CE-F164F03BB020}": {
			"explicitFileType": "sourcecode.c.h",
			"fileEncoding": "4",
			"isa": "PBXFileReference",
			"name": "ofxDatGuiIntObject.h",
			"path": "../../../addons/ofxDatGui/src/core/ofxDatGuiIntObject.h",
			"sourceTree": "SOURCE_ROOT"
		},
		"{F8B9E6BF-5B3D-466D-9D40-A019FD64E23E}": {
			"explicitFileType": "sourcecode.c.h",
			"fileEncoding": "4",
			"isa": "PBXFileReference",
			"name": "ofxDatGuiSlider.h",
			"path": "../../../addons/ofxDatGui/src/components/ofxDatGuiSlider.h",
			"sourceTree": "SOURCE_ROOT"
		},
		"{F9857E36-C15C-4535-B392-B9D88699368A}": {
			"children": [
				"{947C8435-F16D-40E6-BD38-BB3CB6EA9723}",
				"{F315908E-2326-4BB3-9D6F-BA28E30BBB5D}",
				"{12508931-AFF5-46DF-B6DB-83B89B6D47D0}",
				"{1A42EF6B-6308-4E41-B549-CAAB6D049C42}"
			],
			"isa": "PBXGroup",
			"name": "desktop",
			"path": "../../../addons/ofxMidi/src/desktop",
			"sourceTree": "SOURCE_ROOT"
		},
		"{FA60E12C-FE8E-4724-8C78-C2137ACCEA70}": {
			"children": [
				"{43F34D84-323E-477A-8123-A24F4E9B4B5C}"
			],
			"isa": "PBXGroup",
			"name": "ofxAbletonLink",
			"path": "../../../addons/ofxAbletonLink",
			"sourceTree": "SOURCE_ROOT"
		},
		"{FD0F3E6D-487F-4983-AEA3-F1F004F9020D}": {
			"explicitFileType": "sourcecode.cpp.cpp",
			"fileEncoding": "4",
			"isa": "PBXFileReference",
			"name": "ofxMidi.cpp",
			"path": "../../../addons/ofxMidi/src/ofxMidi.cpp",
			"sourceTree": "SOURCE_ROOT"
		}
	},
	"rootObject": "E4B69B4C0A3A1720003C02F2"
}